# Generated by conda-lock.
# platform: linux-64
# input_hash: fc1a2dad7b75533eecc939adf85e8193120dab7b74e221e0e3adb78dc0263375
@EXPLICIT
https://conda.anaconda.org/conda-forge/linux-64/_libgcc_mutex-0.1-conda_forge.tar.bz2#d7c89558ba9fa0495403155b64376d81
https://repo.anaconda.com/pkgs/main/linux-64/blas-1.0-openblas.conda#9ddfcaef10d79366c90128f5dc444be8
https://repo.anaconda.com/pkgs/main/linux-64/ca-certificates-2024.3.11-h06a4308_0.conda#08529eb3504712baabcbda266a19feb7
https://repo.anaconda.com/pkgs/main/noarch/font-ttf-dejavu-sans-mono-2.37-hd3eb1b0_0.conda#95b5078cca69bdf9ac955895b9caf678
https://repo.anaconda.com/pkgs/main/noarch/font-ttf-inconsolata-2.001-hcb22688_0.conda#9e3fa1886c808910ecd9b9be64566410
https://repo.anaconda.com/pkgs/main/noarch/font-ttf-source-code-pro-2.030-hd3eb1b0_0.conda#eb091595cff4c5452f2f409c667aef55
https://repo.anaconda.com/pkgs/main/noarch/font-ttf-ubuntu-0.83-h8b1ccd4_0.conda#a5870ffd24048c1f10af06dd5d0bbe37
https://repo.anaconda.com/pkgs/main/linux-64/ld_impl_linux-64-2.38-h1181459_1.conda#68eedfd9c06f2b0e6888d8db345b7f5b
https://conda.anaconda.org/conda-forge/linux-64/libstdcxx-ng-13.2.0-hc0a3c3a_7.conda#53ebd4c833fa01cb2c6353e99f905406
https://repo.anaconda.com/pkgs/main/linux-64/poppler-data-0.4.11-h06a4308_1.conda#fd6d432aa8fcef7896c9fbe683fea831
https://repo.anaconda.com/pkgs/main/noarch/pybind11-abi-5-hd3eb1b0_0.conda#7f0df6639fdf60ccd3045ee6faedd32f
https://conda.anaconda.org/conda-forge/linux-64/python_abi-3.12-4_cp312.conda#dccc2d142812964fcc6abdc97b672dff
https://repo.anaconda.com/pkgs/main/noarch/tzdata-2024a-h04d1e81_0.conda#452af53adae0a5b06eb5d05c707b2f25
https://repo.anaconda.com/pkgs/main/noarch/fonts-anaconda-1-h8fa9717_0.conda#a5efad43de0590ada98f8bcf02ecbfe8
https://conda.anaconda.org/conda-forge/linux-64/libgomp-13.2.0-h77fa898_7.conda#abf3fec87c2563697defa759dec3d639
https://conda.anaconda.org/conda-forge/linux-64/_openmp_mutex-4.5-2_gnu.tar.bz2#73aaf86a425cc6e73fcf236a5a46396d
https://repo.anaconda.com/pkgs/main/noarch/fonts-conda-ecosystem-1-hd3eb1b0_0.conda#76790b62a799de73c4364f7cdc445583
https://conda.anaconda.org/conda-forge/linux-64/libgcc-ng-13.2.0-h77fa898_7.conda#72ec1b1b04c4d15d4204ece1ecea5978
https://conda.anaconda.org/conda-forge/linux-64/aws-c-common-0.9.19-h4ab18f5_0.conda#c6dedd5eab2236f4abb59ade9fb7fd44
https://repo.anaconda.com/pkgs/main/linux-64/bzip2-1.0.8-h5eee18b_6.conda#f21a3ff51c1b271977f53ce956a69297
https://conda.anaconda.org/conda-forge/linux-64/c-ares-1.28.1-hd590300_0.conda#dcde58ff9a1f30b0037a2315d1846d1f
https://repo.anaconda.com/pkgs/main/linux-64/expat-2.6.2-h6a678d5_0.conda#55049db2772dae035f6b8a95f72b5970
https://conda.anaconda.org/conda-forge/linux-64/fmt-10.2.1-h00ab1b0_0.conda#35ef8bc24bd34074ebae3c943d551728
https://conda.anaconda.org/conda-forge/linux-64/geos-3.12.1-h59595ed_0.conda#8c0f4f71f5a59ceb0c6fa9f51501066d
https://conda.anaconda.org/conda-forge/linux-64/giflib-5.2.2-hd590300_0.conda#3bf7b9fd5a7136126e0234db4b87c8b6
https://conda.anaconda.org/conda-forge/linux-64/icu-73.2-h59595ed_0.conda#cc47e1facc155f91abd89b11e48e72ff
https://conda.anaconda.org/conda-forge/linux-64/json-c-0.17-h7ab15ed_0.conda#9961b1f100c3b6852bd97c9233d06979
https://conda.anaconda.org/conda-forge/linux-64/keyutils-1.6.1-h166bdaf_0.tar.bz2#30186d27e2c9fa62b45fb1476b7200e3
https://conda.anaconda.org/conda-forge/linux-64/lerc-4.0.0-h27087fc_0.tar.bz2#76bbff344f0134279f225174e9064c8f
https://repo.anaconda.com/pkgs/main/linux-64/libabseil-20240116.2-cxx17_h6a678d5_0.conda#7abc574a536f223fe96be4fb7f4207bf
https://conda.anaconda.org/conda-forge/linux-64/libaec-1.1.3-h59595ed_0.conda#5e97e271911b8b2001a8b71860c32faa
https://repo.anaconda.com/pkgs/main/linux-64/libbrotlicommon-1.0.9-h5eee18b_8.conda#1e9edf233add622312356a40a7d0f8de
https://repo.anaconda.com/pkgs/main/linux-64/libcrc32c-1.1.2-h6a678d5_0.conda#daf778296b4ada0649ecad5e5e320cd0
https://conda.anaconda.org/conda-forge/linux-64/libdeflate-1.20-hd590300_0.conda#8e88f9389f1165d7c0936fe40d9a9a79
https://repo.anaconda.com/pkgs/main/linux-64/libev-4.33-h7f8727e_1.conda#5065620db4393fb549f30114a33897d1
https://conda.anaconda.org/conda-forge/linux-64/libexpat-2.6.2-h59595ed_0.conda#e7ba12deb7020dd080c6c70e7b6f6a3d
https://repo.anaconda.com/pkgs/main/linux-64/libffi-3.4.4-h6a678d5_1.conda#70646cc713f0c43926cfdcfe9b695fe0
https://conda.anaconda.org/conda-forge/linux-64/libgfortran5-13.2.0-hca663fb_7.conda#c0bd771f09a326fdcd95a60b617795bf
https://conda.anaconda.org/conda-forge/linux-64/libiconv-1.17-hd590300_2.conda#d66573916ffcf376178462f1b61c941e
https://conda.anaconda.org/conda-forge/linux-64/libjpeg-turbo-3.0.0-hd590300_1.conda#ea25936bb4080d843790b586850f82b8
https://conda.anaconda.org/conda-forge/linux-64/libnsl-2.0.1-hd590300_0.conda#30fd6e37fe21f86f4bd26d6ee73eeec7
https://repo.anaconda.com/pkgs/main/linux-64/libsodium-1.0.18-h7b6447c_0.conda#c8783b20f0e14bc1d701352c26c264d5
https://repo.anaconda.com/pkgs/main/linux-64/libspatialindex-1.9.3-h2531618_0.conda#2944eeda0125389c979af67e4460a510
https://conda.anaconda.org/conda-forge/linux-64/libuuid-2.38.1-h0b41bf4_0.conda#40b61aab5c7ba9ff276c41cfffe6b80b
https://conda.anaconda.org/conda-forge/linux-64/libwebp-base-1.4.0-hd590300_0.conda#b26e8aa824079e1be0294e7152ca4559
https://repo.anaconda.com/pkgs/main/linux-64/libxcb-1.15-h7f8727e_0.conda#ada518dcadd6aaee9aae47ba9a671553
https://conda.anaconda.org/conda-forge/linux-64/libxcrypt-4.4.36-hd590300_1.conda#5aa797f8787fe7a17d1b0821485b5adc
https://conda.anaconda.org/conda-forge/linux-64/libzlib-1.2.13-h4ab18f5_6.conda#27329162c0dc732bcf67a4e0cd488125
https://repo.anaconda.com/pkgs/main/linux-64/lz4-c-1.9.4-h6a678d5_1.conda#2ee58861f2b92b868ce761abb831819d
https://repo.anaconda.com/pkgs/main/linux-64/lzo-2.10-h7b6447c_2.conda#65722a7644f424de73fea6e87edd7653
https://conda.anaconda.org/conda-forge/linux-64/ncurses-6.5-h59595ed_0.conda#fcea371545eda051b6deafb24889fc69
https://repo.anaconda.com/pkgs/main/linux-64/nspr-4.35-h6a678d5_0.conda#208fff5d60133bcff6998a70c9f5203b
https://conda.anaconda.org/conda-forge/linux-64/openssl-3.3.0-h4ab18f5_3.conda#12ea6d0d4ed54530eaed18e4835c1f7c
https://conda.anaconda.org/conda-forge/linux-64/pixman-0.43.2-h59595ed_0.conda#71004cbf7924e19c02746ccde9fd7123
https://conda.anaconda.org/conda-forge/linux-64/snappy-1.2.0-hdb0a2a9_1.conda#843bbb8ace1d64ac50d64639ff38b014
https://conda.anaconda.org/conda-forge/linux-64/tzcode-2024a-h3f72095_0.conda#32146e34aaec3745a08b6f49af3f41b0
https://repo.anaconda.com/pkgs/main/linux-64/uriparser-0.9.7-h5eee18b_0.conda#83ea87ede0dd28a0b32747e80812a0ac
https://conda.anaconda.org/conda-forge/linux-64/xorg-kbproto-1.0.7-h7f98852_1002.tar.bz2#4b230e8381279d76131116660f5a241a
https://conda.anaconda.org/conda-forge/linux-64/xorg-libice-1.1.1-hd590300_0.conda#b462a33c0be1421532f28bfe8f4a7514
https://conda.anaconda.org/conda-forge/linux-64/xorg-renderproto-0.11.1-h7f98852_1002.tar.bz2#06feff3d2634e3097ce2fe681474b534
https://conda.anaconda.org/conda-forge/linux-64/xorg-xextproto-7.3.0-h0b41bf4_1003.conda#bce9f945da8ad2ae9b1d7165a64d0f87
https://repo.anaconda.com/pkgs/main/linux-64/xorg-xproto-7.0.31-h27cfd23_1007.conda#287ea0f32c5f1c209e5030ead360b613
https://repo.anaconda.com/pkgs/main/linux-64/xz-5.4.6-h5eee18b_1.conda#1562802f843297ee776a50b9329597ed
https://repo.anaconda.com/pkgs/main/linux-64/yaml-0.2.5-h7b6447c_0.conda#39fdbf4db769e494ffb06d95680c83d8
https://conda.anaconda.org/conda-forge/linux-64/aws-c-cal-0.6.14-h88a6e22_1.conda#7ed63b0e816dd1635903506ef5d2c079
https://conda.anaconda.org/conda-forge/linux-64/aws-c-compression-0.2.18-h83b837d_6.conda#3e572eacd0ce99a59e1bb9c260ad5b20
https://conda.anaconda.org/conda-forge/linux-64/aws-c-sdkutils-0.1.16-h83b837d_2.conda#f40c698b4ea90f7fedd187c6639c818b
https://conda.anaconda.org/conda-forge/linux-64/aws-checksums-0.1.18-h83b837d_6.conda#7995cb937bdac5913c8904fed6b3729d
https://conda.anaconda.org/conda-forge/linux-64/hdf4-4.2.15-h2a13503_7.conda#bd77f8da987968ec3927990495dc22e4
https://repo.anaconda.com/pkgs/main/linux-64/libbrotlidec-1.0.9-h5eee18b_8.conda#2595e6d66d6b9254e18d63458dc27486
https://repo.anaconda.com/pkgs/main/linux-64/libbrotlienc-1.0.9-h5eee18b_8.conda#d9ee310f619a8dc00178fd2ae1667c88
https://repo.anaconda.com/pkgs/main/linux-64/libedit-3.1.20230828-h5eee18b_0.conda#850eb5a9d2d7d3c66cce12e84406ca08
https://conda.anaconda.org/conda-forge/linux-64/libgfortran-ng-13.2.0-h69a702a_7.conda#1b84f26d9f4f6026e179e7805d5a15cd
https://conda.anaconda.org/conda-forge/linux-64/libnghttp2-1.58.0-h47da74e_1.conda#700ac6ea6d53d5510591c4344d5c989a
https://conda.anaconda.org/conda-forge/linux-64/libpng-1.6.43-h2797004_0.conda#009981dd9cfcaa4dbfa25ffaed86bcae
https://conda.anaconda.org/conda-forge/linux-64/libre2-11-2023.09.01-h5a48ba9_2.conda#41c69fba59d495e8cf5ffda48a607e35
https://conda.anaconda.org/conda-forge/linux-64/librttopo-1.1.0-h8917695_15.conda#20c3c14bc491f30daecaa6f73e2223ae
https://conda.anaconda.org/conda-forge/linux-64/libsqlite-3.45.3-h2797004_0.conda#b3316cbe90249da4f8e84cd66e1cc55b
https://conda.anaconda.org/conda-forge/linux-64/libxml2-2.12.7-hc051c1a_0.conda#5d801a4906adc712d480afc362623b59
https://conda.anaconda.org/conda-forge/linux-64/libzip-1.10.1-h2629f0a_3.conda#ac79812548e7e8cf61f7b0abdef01d3b
https://conda.anaconda.org/conda-forge/linux-64/pcre2-10.43-hcad00b1_0.conda#8292dea9e022d9610a11fce5e0896ed8
https://repo.anaconda.com/pkgs/main/linux-64/readline-8.2-h5eee18b_0.conda#be42180685cce6e6b0329201d9f48efb
https://conda.anaconda.org/conda-forge/linux-64/s2n-1.4.15-he19d79f_0.conda#4c7cc3fa1d2c5a63f9e2b1e2980a1672
https://conda.anaconda.org/conda-forge/linux-64/spdlog-1.13.0-hd2e6256_0.conda#18f9348f064632785d54dbd1db9344bb
https://conda.anaconda.org/conda-forge/linux-64/xorg-libsm-1.2.4-h7391055_0.conda#93ee23f12bc2e684548181256edd2cf6
https://conda.anaconda.org/conda-forge/linux-64/xorg-libx11-1.8.9-h8ee46fc_0.conda#077b6e8ad6a3ddb741fce2496dd01bec
https://repo.anaconda.com/pkgs/main/linux-64/zeromq-4.3.5-h6a678d5_0.conda#354c934a4a5500f4c455c630f2702dbc
https://conda.anaconda.org/conda-forge/linux-64/zlib-1.2.13-h4ab18f5_6.conda#559d338a4234c2ad6e676f460a093e67
https://conda.anaconda.org/conda-forge/linux-64/zstd-1.5.6-ha6fb4c9_0.conda#4d056880988120e29d75bfff282e0f45
https://conda.anaconda.org/conda-forge/linux-64/aws-c-io-0.14.8-h21d4f22_5.conda#f9dd6e8a46f55f49eae5380d3b922b71
https://conda.anaconda.org/conda-forge/linux-64/blosc-1.21.5-hc2324a3_1.conda#11d76bee958b1989bd1ac6ee7372ea6d
https://repo.anaconda.com/pkgs/main/linux-64/brotli-bin-1.0.9-h5eee18b_8.conda#9820670bfb9cae1e93a2646676bc1b7b
https://repo.anaconda.com/pkgs/main/linux-64/freetype-2.12.1-h4a9f257_0.conda#bdc7b5952e9c5dca01bc2f4ccef2f974
https://repo.anaconda.com/pkgs/main/linux-64/gdbm-1.18-hd4cb3f1_4.conda#1c82981848be10bfc91000a0afcefee3
https://conda.anaconda.org/conda-forge/linux-64/krb5-1.21.2-h659d440_0.conda#cd95826dbd331ed1be26bdf401432844
https://conda.anaconda.org/conda-forge/linux-64/libarchive-3.7.4-hfca40fe_0.conda#32ddb97f897740641d8d46a829ce1704
https://conda.anaconda.org/conda-forge/linux-64/libglib-2.80.2-hf974151_0.conda#72724f6a78ecb15559396966226d5838
https://repo.anaconda.com/pkgs/main/linux-64/libkml-1.3.0-h096b73e_7.conda#23f3c95c535e38ee050f9f4bc8eb6bcc
https://repo.anaconda.com/pkgs/main/linux-64/libopenblas-0.3.21-h043d6bf_0.conda#7f7324dcc3c4761a14f3e4ac443235a7
https://repo.anaconda.com/pkgs/main/linux-64/libprotobuf-4.25.3-he621ea3_0.conda#b5bac9ee75a731feb80bfc8c40d1958f
https://repo.anaconda.com/pkgs/main/linux-64/libssh2-1.11.0-h251f7ec_0.conda#ce46cf257d73fe85c18c78597196f0d8
https://conda.anaconda.org/conda-forge/linux-64/libtiff-4.6.0-h1dd3fc0_3.conda#66f03896ffbe1a110ffda05c7a856504
https://repo.anaconda.com/pkgs/main/linux-64/minizip-4.0.3-hf59b114_0.conda#e1efccc2d4cfe54c7119600ea6dcdbe7
https://conda.anaconda.org/conda-forge/linux-64/nss-3.100-hca3bf56_0.conda#949c4a82290ee58b3c970cef4bcfd4ad
https://conda.anaconda.org/conda-forge/linux-64/re2-2023.09.01-h7f4b329_2.conda#8f70e36268dea8eb666ef14c29bd3cda
https://repo.anaconda.com/pkgs/main/linux-64/sqlite-3.45.3-h5eee18b_0.conda#acf93d6aceb74d6110e20b44cc45939e
https://repo.anaconda.com/pkgs/main/linux-64/tk-8.6.14-h39e8969_0.conda#78dbc5e3c69143ebc037fc5d5b22e597
https://conda.anaconda.org/conda-forge/linux-64/xorg-libxext-1.3.4-h0b41bf4_2.conda#82b6df12252e6f32402b96dacc656fec
https://conda.anaconda.org/conda-forge/linux-64/xorg-libxrender-0.9.11-hd590300_0.conda#ed67c36f215b310412b2af935bf3e530
https://conda.anaconda.org/conda-forge/linux-64/aws-c-event-stream-0.4.2-ha47c788_12.conda#8420d8e495a1468f593128e5fbf6748a
https://conda.anaconda.org/conda-forge/linux-64/aws-c-http-0.8.1-h29d6fba_17.conda#c20a29ff47043ba1ec24f45dc68930bf
https://repo.anaconda.com/pkgs/main/linux-64/brotli-1.0.9-h5eee18b_8.conda#b5d5a0d366e8dc1b21c75b8703aaa96a
https://conda.anaconda.org/conda-forge/linux-64/fontconfig-2.14.2-h14ed4e7_0.conda#0f69b688f52ff6da70bccb7ff7001d1d
https://repo.anaconda.com/pkgs/main/linux-64/freexl-2.0.0-hf309648_0.conda#09960bea3a0c12d03b8288e943e799bb
https://conda.anaconda.org/conda-forge/linux-64/glib-tools-2.80.2-hb6ce0ca_0.conda#a965aeaf060289528a3fbe09326edae2
https://conda.anaconda.org/conda-forge/linux-64/lcms2-2.16-hb7c19ff_0.conda#51bb7010fc86f70eee639b4bb7a894f5
https://conda.anaconda.org/conda-forge/linux-64/libcurl-8.8.0-hca28451_0.conda#f21c27f076a07907e70c49bb57bd0f20
https://conda.anaconda.org/conda-forge/linux-64/libgrpc-1.62.2-h15f2491_0.conda#8dabe607748cb3d7002ad73cd06f1325
https://conda.anaconda.org/conda-forge/linux-64/libpq-16.3-ha72fbe1_0.conda#bac737ae28b79cfbafd515258d97d29e
https://conda.anaconda.org/conda-forge/linux-64/openjpeg-2.5.2-h488ebb8_0.conda#7f2e286780f072ed750df46dc2631138
https://repo.anaconda.com/pkgs/main/linux-64/perl-5.34.0-h5eee18b_2.conda#2362442477bfdd0ff1ce8d8cc753e7e8
https://conda.anaconda.org/conda-forge/linux-64/python-3.12.3-hab00c5b_0_cpython.conda#2540b74d304f71d3e89c81209db4db84
https://repo.anaconda.com/pkgs/main/noarch/affine-2.3.0-pyhd3eb1b0_0.conda#b8d56e39137c75029f2a2b21943dc5c8
https://repo.anaconda.com/pkgs/main/linux-64/annotated-types-0.6.0-py312h06a4308_0.conda#03aa1a636640f8f94febe4779e5d37a7
https://repo.anaconda.com/pkgs/main/noarch/appdirs-1.4.4-pyhd3eb1b0_0.conda#5673d98d06171cb6eed03a6736845c4d
https://repo.anaconda.com/pkgs/main/linux-64/async-lru-2.0.4-py312h06a4308_0.conda#2806b5842bb2478e127c99feb82a6a88
https://repo.anaconda.com/pkgs/main/linux-64/attrs-23.1.0-py312h06a4308_0.conda#e8016c6839c63842d4a32bace7359ad8
https://conda.anaconda.org/conda-forge/linux-64/aws-c-auth-0.7.22-h96bc93b_2.conda#de2b7c9aa9b279cca5542134b7a2b86a
https://conda.anaconda.org/conda-forge/linux-64/aws-c-mqtt-0.10.4-h759edc4_4.conda#8ced661d9dcece8698922fd8a73b6511
https://conda.anaconda.org/conda-forge/linux-64/azure-core-cpp-1.11.1-h91d86a7_1.conda#2dbab1d281b7e1da05eee544cbdc8af6
https://conda.anaconda.org/conda-forge/noarch/beartype-0.18.5-pyhd8ed1ab_0.conda#28786996506a2f2dd7819b5f3705f4e4
https://repo.anaconda.com/pkgs/main/linux-64/blinker-1.6.2-py312h06a4308_0.conda#a308ff4a4e682fe7375bea66fec0f818
https://repo.anaconda.com/pkgs/main/linux-64/brotli-python-1.0.9-py312h6a678d5_8.conda#e6bdf1f9e8e1ad3543aaec7e9ecea7e7
https://repo.anaconda.com/pkgs/main/noarch/cached-property-1.5.2-py_0.conda#32deb173c271fa2d09744446024a6340
https://repo.anaconda.com/pkgs/main/noarch/cachy-0.3.0-pyhd3eb1b0_0.conda#fcb19b85ad100b509f744e339c50871e
https://conda.anaconda.org/conda-forge/linux-64/cairo-1.18.0-h3faef2a_0.conda#f907bb958910dc404647326ca80c263e
https://repo.anaconda.com/pkgs/main/linux-64/certifi-2024.2.2-py312h06a4308_0.conda#eb1a84cfcbb04105e1b2d28733773066
https://repo.anaconda.com/pkgs/main/linux-64/cfgv-3.4.0-py312h06a4308_0.conda#765ea9eb7e1f5cd3791fcbae54fc6a8f
https://conda.anaconda.org/conda-forge/linux-64/cfitsio-4.4.0-hbdc6101_1.conda#0ba5a427a51923dcdfe1121115ac8293
https://repo.anaconda.com/pkgs/main/noarch/charset-normalizer-2.0.4-pyhd3eb1b0_0.conda#e7a441d94234b2b5fafee06e25dbf076
https://repo.anaconda.com/pkgs/main/linux-64/click-8.1.7-py312h06a4308_0.conda#a0d97fc547780b4ddefc91139e633e02
https://repo.anaconda.com/pkgs/main/linux-64/colorama-0.4.6-py312h06a4308_0.conda#6175699c700cc4e4bf18ffc86778e488
https://repo.anaconda.com/pkgs/main/linux-64/coverage-7.2.2-py312h5eee18b_0.conda#571d208e6623d64fa2280698ee3fc6ea
https://repo.anaconda.com/pkgs/main/linux-64/crashtest-0.4.1-py312h06a4308_0.conda#2b772e1e60c01e8e7a0f5466fd5a242e
https://repo.anaconda.com/pkgs/main/noarch/cycler-0.11.0-pyhd3eb1b0_0.conda#f5e365d2cdb66d547eb8c3ab93843aab
https://repo.anaconda.com/pkgs/main/linux-64/debugpy-1.6.7-py312h6a678d5_0.conda#e2d2e050b9401c68cfc979753f250616
https://repo.anaconda.com/pkgs/main/noarch/decorator-5.1.1-pyhd3eb1b0_0.conda#4d969aac32a0faf84af90c797bfc7fec
https://repo.anaconda.com/pkgs/main/noarch/defusedxml-0.7.1-pyhd3eb1b0_0.conda#d912068b0729930972adcaac338882c0
https://repo.anaconda.com/pkgs/main/linux-64/distlib-0.3.8-py312h06a4308_0.conda#3763a64961ca016ccf828044029cc5c0
https://repo.anaconda.com/pkgs/main/linux-64/et_xmlfile-1.1.0-py312h06a4308_1.conda#c9f51f719d877e8f6f8be7c9629d5791
https://repo.anaconda.com/pkgs/main/noarch/execnet-1.9.0-pyhd3eb1b0_0.conda#f895937671af67cebb8af617494b3513
https://repo.anaconda.com/pkgs/main/noarch/executing-0.8.3-pyhd3eb1b0_0.conda#7be61d1c3c555fb37682b28d7a53d622
https://repo.anaconda.com/pkgs/main/linux-64/filelock-3.13.1-py312h06a4308_0.conda#6a0b440821945eda176c2bd78fd64a56
https://conda.anaconda.org/conda-forge/linux-64/glib-2.80.2-hf974151_0.conda#d427988dc3dbd0a4c136f52db356cc6a
https://repo.anaconda.com/pkgs/main/linux-64/h11-0.14.0-py312h06a4308_0.conda#6e32d4e1d4c9409293e63ecf19755482
https://conda.anaconda.org/conda-forge/linux-64/hdf5-1.14.3-nompi_hdf9ad27_102.conda#d8cb3688b92e891e1e5f613517a50ca8
https://repo.anaconda.com/pkgs/main/linux-64/idna-3.7-py312h06a4308_0.conda#03cc59cdabff44c47be0fadffcef003c
https://repo.anaconda.com/pkgs/main/linux-64/importlib_resources-6.1.1-py312h06a4308_1.conda#13691687030e6f6b299bd04173696daf
https://repo.anaconda.com/pkgs/main/noarch/iniconfig-1.1.1-pyhd3eb1b0_0.tar.bz2#e40edff2c5708f342cef43c7f280c507
https://repo.anaconda.com/pkgs/main/noarch/jeepney-0.7.1-pyhd3eb1b0_0.conda#f115ef0af90b59f35ef56743955979a4
https://repo.anaconda.com/pkgs/main/linux-64/joblib-1.4.0-py312h06a4308_0.conda#5994475da8e256a8be4b7b5f47bd37a3
https://repo.anaconda.com/pkgs/main/noarch/json5-0.9.6-pyhd3eb1b0_0.conda#4e721ee2dbfa20069719d2ee19185031
https://repo.anaconda.com/pkgs/main/linux-64/kiwisolver-1.4.4-py312h6a678d5_0.conda#47e12eaa774b108e6e17011b1d727650
https://conda.anaconda.org/conda-forge/linux-64/libgoogle-cloud-2.24.0-h2736e30_0.conda#34aeee3fa7fca5dc21fad3ac6f4f0ab2
https://repo.anaconda.com/pkgs/main/linux-64/markupsafe-2.1.3-py312h5eee18b_0.conda#b5d2615c33773326f8207f7b58df1e2b
https://repo.anaconda.com/pkgs/main/linux-64/mdurl-0.1.0-py312h06a4308_0.conda#6bea6d09fe58ac995a64ab45e75cb5e9
https://repo.anaconda.com/pkgs/main/linux-64/mistune-2.0.4-py312h06a4308_0.conda#ebad83b0f2acc0defac5485ea5e71994
https://repo.anaconda.com/pkgs/main/linux-64/more-itertools-10.1.0-py312h06a4308_0.conda#096b075f991f71cf9df2e8064f148bee
https://repo.anaconda.com/pkgs/main/linux-64/msgpack-python-1.0.3-py312hdb19cb5_0.conda#9f2369ceffa6420742a233390d2fc295
https://repo.anaconda.com/pkgs/main/linux-64/nest-asyncio-1.6.0-py312h06a4308_0.conda#54db123c667472579092ce402f242702
https://repo.anaconda.com/pkgs/main/linux-64/networkx-3.1-py312h06a4308_0.conda#8f9cd07ef4c47f326d0bd781d1803f0a
https://repo.anaconda.com/pkgs/main/linux-64/numpy-base-1.26.4-py312he1a6c75_0.conda#b4f72512033cab6fffe7d72f4585da29
https://repo.anaconda.com/pkgs/main/linux-64/overrides-7.4.0-py312h06a4308_0.conda#b294a9b6e5b7654cc7012f3690a7c57f
https://repo.anaconda.com/pkgs/main/linux-64/packaging-23.2-py312h06a4308_0.conda#6df46fc8a396077102655cc21600723d
https://repo.anaconda.com/pkgs/main/noarch/pandocfilters-1.5.0-pyhd3eb1b0_0.conda#5547ced9e3bb4c513405998957b52c7b
https://conda.anaconda.org/conda-forge/linux-64/parallel-20240522-ha770c72_0.conda#95444bc23d494d0b06405bea54c7cd1f
https://repo.anaconda.com/pkgs/main/noarch/parso-0.8.3-pyhd3eb1b0_0.conda#c6f0f6219bf5ce2b510ef4b75cbc3e01
https://repo.anaconda.com/pkgs/main/noarch/pastel-0.2.1-py_0.conda#81a0d5c930710445569d9a2f5137d6a2
https://conda.anaconda.org/conda-forge/linux-64/pillow-10.3.0-py312hdcec9eb_0.conda#425bb325f970e57a047ac57c4586489d
https://repo.anaconda.com/pkgs/main/linux-64/pkginfo-1.10.0-py312h06a4308_0.conda#2a32de7c1bccd483668b26d4cf589488
https://repo.anaconda.com/pkgs/main/linux-64/platformdirs-3.10.0-py312h06a4308_0.conda#39dc9eb538e73250dadcdec7a8ed6595
https://repo.anaconda.com/pkgs/main/linux-64/pluggy-1.0.0-py312h06a4308_1.conda#65e3925b7c284b6a111d8971cac0d0c7
https://conda.anaconda.org/conda-forge/linux-64/postgresql-16.3-h8e811e2_0.conda#e4d52462da124ed3792472f95a36fc2a
https://conda.anaconda.org/conda-forge/linux-64/proj-9.4.0-h1d62c97_1.conda#113f894e5019db2e2705645ee3bcf91a
https://repo.anaconda.com/pkgs/main/linux-64/prometheus_client-0.14.1-py312h06a4308_0.conda#14e1666713d1d750c7294d167e263170
https://repo.anaconda.com/pkgs/main/linux-64/psutil-5.9.0-py312h5eee18b_0.conda#44fe0043384455631a86c8ff948432df
https://repo.anaconda.com/pkgs/main/noarch/ptyprocess-0.7.0-pyhd3eb1b0_2.conda#7441d2827d4bfbcc1fa308875a146246
https://repo.anaconda.com/pkgs/main/noarch/pure_eval-0.2.2-pyhd3eb1b0_0.conda#a87d6d9827e5dff68d34d69971f8a9b1
https://repo.anaconda.com/pkgs/main/noarch/pycparser-2.21-pyhd3eb1b0_0.conda#135a72ff2a31150a3a3ff0b1edd41ca9
https://repo.anaconda.com/pkgs/main/linux-64/pygments-2.15.1-py312h06a4308_1.conda#0cbad1773807f46b928491e0b8606e7f
https://repo.anaconda.com/pkgs/main/noarch/pylev-1.3.0-py_0.conda#8753b52aad70b2ed2ebaa6031853c816
https://repo.anaconda.com/pkgs/main/linux-64/pyparsing-3.0.9-py312h06a4308_0.conda#4e83cfcd986c04a46ffb9617ce9335c3
https://repo.anaconda.com/pkgs/main/linux-64/pyproject_hooks-1.0.0-py312h06a4308_0.conda#ab8bc96a2d909ee8d1b7bcc0059c78a7
https://repo.anaconda.com/pkgs/main/linux-64/pysocks-1.7.1-py312h06a4308_0.conda#8efb8494277b7f0faedf9d437b23cbe1
https://repo.anaconda.com/pkgs/main/linux-64/python-fastjsonschema-2.16.2-py312h06a4308_0.conda#56f31b415091b046a5e6766911600d12
https://repo.anaconda.com/pkgs/main/linux-64/python-installer-0.7.0-py312h06a4308_0.conda#9902ddd72edc97166aef8bcc648b8c0c
https://repo.anaconda.com/pkgs/main/linux-64/python-json-logger-2.0.7-py312h06a4308_0.conda#41478dbbaca2f053f312811678c84cbb
https://repo.anaconda.com/pkgs/main/noarch/python-tzdata-2023.3-pyhd3eb1b0_0.conda#479c037de0186d114b9911158427624e
https://repo.anaconda.com/pkgs/main/linux-64/pytz-2024.1-py312h06a4308_0.conda#f8a72213ea02624e802216fedff222e1
https://repo.anaconda.com/pkgs/main/linux-64/pyyaml-6.0.1-py312h5eee18b_0.conda#c4dd039d43f1b841661db23e084b5e04
https://repo.anaconda.com/pkgs/main/linux-64/pyzmq-25.1.2-py312h6a678d5_0.conda#e222e50ccfb73d90805aac55b527b6f4
https://conda.anaconda.org/conda-forge/noarch/resolvelib-1.0.1-pyhd8ed1ab_0.conda#3f9f4ffb76bd4524792f2ff02f446819
https://repo.anaconda.com/pkgs/main/linux-64/rfc3986-validator-0.1.1-py312h06a4308_0.conda#f9800ce161ed779b8cf7a1cd6d7ae0f5
https://repo.anaconda.com/pkgs/main/linux-64/rpds-py-0.10.6-py312hb02cf49_0.conda#f014511c9cf2b20297e4cba31fa9a47d
https://repo.anaconda.com/pkgs/main/linux-64/rtree-1.0.1-py312h06a4308_0.conda#58c4db6c2dca8e026a9c14f85444a006
https://repo.anaconda.com/pkgs/main/linux-64/ruamel.yaml-0.17.21-py312h5eee18b_0.conda#8731b592bb8feb6f50aaeb3173b02ce8
https://repo.anaconda.com/pkgs/main/linux-64/send2trash-1.8.2-py312h06a4308_0.conda#6de7b7d88a0ad8549d30cb9bf1676c7e
https://repo.anaconda.com/pkgs/main/linux-64/setuptools-69.5.1-py312h06a4308_0.conda#ce85d9a864a73e0b12d31a97733c9fca
https://repo.anaconda.com/pkgs/main/linux-64/shellingham-1.5.0-py312h06a4308_0.conda#ace058023ae6b44784c6addb57b2cf40
https://repo.anaconda.com/pkgs/main/noarch/six-1.16.0-pyhd3eb1b0_1.conda#34586824d411d36af2fa40e799c172d0
https://repo.anaconda.com/pkgs/main/noarch/smmap-4.0.0-pyhd3eb1b0_0.conda#ea22ec22100b09799aa81f3e3ef9fa87
https://repo.anaconda.com/pkgs/main/linux-64/sniffio-1.3.0-py312h06a4308_0.conda#895787f939a4b06e04de62aa5ccd36d3
https://repo.anaconda.com/pkgs/main/linux-64/soupsieve-2.5-py312h06a4308_0.conda#102a7777bdfa79ba339be7bed43f8c7d
https://repo.anaconda.com/pkgs/main/linux-64/tabulate-0.9.0-py312h06a4308_0.conda#42a5c8370e1cf09011d5045fb7c7c0e5
https://repo.anaconda.com/pkgs/main/linux-64/termcolor-2.1.0-py312h06a4308_0.conda#e76ea8a401857f9f8a62a33df1cca7df
https://repo.anaconda.com/pkgs/main/noarch/threadpoolctl-2.2.0-pyh0d69192_0.conda#bbfdbae4934150b902f97daaf287efe2
https://repo.anaconda.com/pkgs/main/noarch/toml-0.10.2-pyhd3eb1b0_0.conda#cda05f5f6d8509529d1a2743288d197a
https://repo.anaconda.com/pkgs/main/linux-64/tomli-2.0.1-py312h06a4308_1.conda#8770c279821e6ba382d5fa7562a8391b
https://repo.anaconda.com/pkgs/main/linux-64/tomlkit-0.11.1-py312h06a4308_0.conda#b2061d65b70adf68a4f96dc4fb4ec939
https://repo.anaconda.com/pkgs/main/linux-64/toolz-0.12.0-py312h06a4308_0.conda#8340b47fa0f92e87a9416929dd52a102
https://repo.anaconda.com/pkgs/main/linux-64/tornado-6.3.3-py312h5eee18b_0.conda#a39237067b4cb774d7826be15439a342
https://repo.anaconda.com/pkgs/main/linux-64/tqdm-4.66.4-py312he106c6f_0.conda#11d1cee87830bbb013896a43f47eafa9
https://repo.anaconda.com/pkgs/main/linux-64/traitlets-5.7.1-py312h06a4308_0.conda#10e9761815efd157b4f4fc6a216e0c61
https://repo.anaconda.com/pkgs/main/linux-64/truststore-0.8.0-py312h06a4308_0.conda#ad93bd626fc17c1606394fe258b4ed18
https://repo.anaconda.com/pkgs/main/linux-64/typing_extensions-4.11.0-py312h06a4308_0.conda#3045aa097a86bc6a13702fc3c287b5a4
https://repo.anaconda.com/pkgs/main/linux-64/unicodedata2-15.1.0-py312h5eee18b_0.conda#b4759c926ac7543d4c845d7f984250e3
https://repo.anaconda.com/pkgs/main/noarch/wcwidth-0.2.5-pyhd3eb1b0_0.conda#ffa649340272c3f6466ba01da254c3b0
https://repo.anaconda.com/pkgs/main/linux-64/webencodings-0.5.1-py312h06a4308_2.conda#b93cb387bcd155121150257dbcf8eb28
https://repo.anaconda.com/pkgs/main/linux-64/websocket-client-1.8.0-py312h06a4308_0.conda#3c9d8408c05942366b679ff8b439179c
https://conda.anaconda.org/conda-forge/linux-64/xerces-c-3.2.5-hac6953d_0.conda#63b80ca78d29380fe69e69412dcbe4ac
https://repo.anaconda.com/pkgs/main/linux-64/xyzservices-2022.9.0-py312h06a4308_1.conda#3ef654e64fb10094442be905975e83a4
https://repo.anaconda.com/pkgs/main/linux-64/zipp-3.17.0-py312h06a4308_0.conda#0b4e62af7ada176ce15a5551e124225c
https://repo.anaconda.com/pkgs/main/linux-64/anyio-4.2.0-py312h06a4308_0.conda#d992c4775da6f3ccb1223d71abe67de9
https://repo.anaconda.com/pkgs/main/noarch/asttokens-2.0.5-pyhd3eb1b0_0.conda#140486e2ce4f3931b44aa5f7ff8d88da
https://repo.anaconda.com/pkgs/main/noarch/astunparse-1.6.3-py_0.conda#250bc9eafb39eff7fff001dae10e2d3c
https://conda.anaconda.org/conda-forge/linux-64/aws-c-s3-0.5.9-h594631b_3.conda#47490db1dcddfb1c355251fc427746a6
https://conda.anaconda.org/conda-forge/linux-64/azure-identity-cpp-1.6.0-hf1915f5_1.conda#fd11ea65ceb397f9587b1d88a4329d73
https://conda.anaconda.org/conda-forge/linux-64/azure-storage-common-cpp-12.5.0-h94269e2_4.conda#f364272cb4c2f4ce2341067107b82865
https://repo.anaconda.com/pkgs/main/linux-64/babel-2.11.0-py312h06a4308_0.conda#677b01819ada8c2e555e55342b1d5433
https://repo.anaconda.com/pkgs/main/linux-64/beautifulsoup4-4.12.2-py312h06a4308_0.conda#92c78bee4e957e7c931d9f4862eff1c9
https://repo.anaconda.com/pkgs/main/noarch/bleach-4.1.0-pyhd3eb1b0_0.conda#256eb7e384e35f993ef8ccd6c4f45e58
https://repo.anaconda.com/pkgs/main/linux-64/cffi-1.16.0-py312h5eee18b_1.conda#19c88f9bcbfd0896bc8b5b4758d73b9c
https://repo.anaconda.com/pkgs/main/linux-64/click-default-group-1.2.2-py312h06a4308_0.conda#040b76037750df8ea6e8d6c3a9167614
https://repo.anaconda.com/pkgs/main/noarch/click-plugins-1.1.1-pyhd3eb1b0_0.conda#c8cc446ac6e7dea55dc7aec091464c7d
https://repo.anaconda.com/pkgs/main/noarch/cligj-0.7.2-pyhd3eb1b0_0.conda#a304c2ad08c7d498e7dc9eadc6b36e22
https://conda.anaconda.org/conda-forge/noarch/clikit-0.6.2-pyhd8ed1ab_2.conda#02abb7b66b02e8b9f5a9b05454400087
https://repo.anaconda.com/pkgs/main/linux-64/comm-0.2.1-py312h06a4308_0.conda#7d7b827eee78fd7b62292dc6a44314f2
https://conda.anaconda.org/conda-forge/noarch/coverage-badge-1.1.1-pyhd8ed1ab_0.conda#2b9d71adc9cae0b0eff77cae36f75cf6
https://repo.anaconda.com/pkgs/main/linux-64/dbus-1.13.18-hb2f20db_0.conda#6a6a6f1391f807847404344489ef6cf4
https://conda.anaconda.org/conda-forge/noarch/dep-logic-0.2.0-pyhd8ed1ab_0.conda#412c94a992ba8c828624c2ecb476caf7
https://conda.anaconda.org/conda-forge/noarch/findpython-0.6.1-pyhd8ed1ab_0.conda#c3562fb8edde4111bd5a11ea30cbc6a7
https://repo.anaconda.com/pkgs/main/linux-64/fonttools-4.51.0-py312h5eee18b_0.conda#592d996d4b654ac2d0b071461f5165d4
https://conda.anaconda.org/conda-forge/linux-64/geotiff-1.7.3-h928be8b_0.conda#c0f2468661b7cae54a7a1ff11926e372
https://repo.anaconda.com/pkgs/main/noarch/gitdb-4.0.7-pyhd3eb1b0_0.conda#bdd15a7149734880c003d98110c56b5b
https://repo.anaconda.com/pkgs/main/noarch/html5lib-1.1-pyhd3eb1b0_0.conda#24c4f675dfc77f9d1ae6cd3c33731c3c
https://repo.anaconda.com/pkgs/main/linux-64/httpcore-1.0.2-py312h06a4308_0.conda#a4e4dd3bd4cec11e72ffb690bafcce90
https://repo.anaconda.com/pkgs/main/linux-64/importlib-metadata-7.0.1-py312h06a4308_0.conda#3882ea712f9fe00625fa0420016dad18
https://repo.anaconda.com/pkgs/main/noarch/importlib-resources-6.1.1-pyhd3eb1b0_1.conda#3af35c818b28c6c6732a7acafefc9d2a
https://repo.anaconda.com/pkgs/main/noarch/jaraco.classes-3.2.1-pyhd3eb1b0_0.conda#7f47c66b55e92b2724174847703df72f
https://repo.anaconda.com/pkgs/main/linux-64/jedi-0.18.1-py312h06a4308_1.conda#6bbccab0eb9ae37d881f84f9f19cea8a
https://repo.anaconda.com/pkgs/main/linux-64/jinja2-3.1.4-py312h06a4308_0.conda#aee50a77b632c39ab72bffc8017d19be
https://repo.anaconda.com/pkgs/main/linux-64/jupyter_core-5.5.0-py312h06a4308_0.conda#36753efd1e28a61039288eddf9935794
https://repo.anaconda.com/pkgs/main/noarch/jupyterlab_pygments-0.1.2-py_0.conda#af46aff4922ca45df6ba19b313df6070
https://conda.anaconda.org/conda-forge/linux-64/kealib-1.5.3-hee9dde6_1.conda#c5b7b29e2b66107553d0366538257a51
https://conda.anaconda.org/conda-forge/linux-64/libgoogle-cloud-storage-2.24.0-h3d9a0c8_0.conda#a731371833a7b1ab3a87be0fe7e6235a
https://conda.anaconda.org/conda-forge/linux-64/libnetcdf-4.9.2-nompi_h9612171_113.conda#b2414908e43c442ddc68e6148774a304
https://conda.anaconda.org/conda-forge/linux-64/libspatialite-5.1.0-h5539517_6.conda#1ee26233875c04444bdb2e5a838b5634
https://repo.anaconda.com/pkgs/main/linux-64/markdown-it-py-2.2.0-py312h06a4308_1.conda#ec0d596109762df09a6ee70dd3327847
https://repo.anaconda.com/pkgs/main/linux-64/matplotlib-inline-0.1.6-py312h06a4308_0.conda#a8e99eeb494e5945aa7e60a660670643
https://repo.anaconda.com/pkgs/main/linux-64/nodeenv-1.7.0-py312h06a4308_0.conda#23c0441e6b4e88642027f364e62f8566
https://repo.anaconda.com/pkgs/main/linux-64/numpy-1.26.4-py312h2809609_0.conda#a4282fd8d475c35059c92025ddf0b8a5
https://repo.anaconda.com/pkgs/main/linux-64/openpyxl-3.1.2-py312h5eee18b_0.conda#7b0e99dc4855ed3f946fdf20d312f806
https://repo.anaconda.com/pkgs/main/noarch/pexpect-4.8.0-pyhd3eb1b0_3.conda#765b2562d6cdd14bb6d44fc170a04331
https://conda.anaconda.org/conda-forge/linux-64/poppler-24.04.0-hb6cd0d7_0.conda#d19eed746748f1d44b575662f2bcfe95
https://repo.anaconda.com/pkgs/main/linux-64/prompt-toolkit-3.0.43-py312h06a4308_0.conda#1ccee6d6456c5a4c71d52a97e8292432
https://conda.anaconda.org/conda-forge/linux-64/pyproj-3.6.1-py312hb591178_6.conda#e5a041de2ecaee7e02c40cf82afa132e
https://repo.anaconda.com/pkgs/main/linux-64/pytest-7.4.0-py312h06a4308_0.conda#7d983fb31c361c499cd2d98f6347e46c
https://repo.anaconda.com/pkgs/main/linux-64/python-dateutil-2.9.0post0-py312h06a4308_2.conda#06c8706a892aaaae74325c0b46c86d01
https://repo.anaconda.com/pkgs/main/linux-64/python-dotenv-0.21.0-py312h06a4308_0.conda#f983f4d6278453e00f637442967b29fa
https://repo.anaconda.com/pkgs/main/linux-64/referencing-0.30.2-py312h06a4308_0.conda#3113fb44293d20eaae1e67a4876751c9
https://repo.anaconda.com/pkgs/main/linux-64/rfc3339-validator-0.1.4-py312h06a4308_0.conda#2b1db8c436c99c6856a78dad8f2278a1
https://repo.anaconda.com/pkgs/main/linux-64/terminado-0.17.1-py312h06a4308_0.conda#4bc05c7f0c2e64b82882f774752a0263
https://repo.anaconda.com/pkgs/main/linux-64/tinycss2-1.2.1-py312h06a4308_0.conda#53422e62ac2d242aa12575ba12c2d430
https://conda.anaconda.org/conda-forge/noarch/typer-slim-0.12.3-pyhd8ed1ab_0.conda#cf2c3a89f89644c53cadbfeb124914e9
https://repo.anaconda.com/pkgs/main/linux-64/typing-extensions-4.11.0-py312h06a4308_0.conda#181af932ad0824456dc3e6173c38b5c6
https://repo.anaconda.com/pkgs/main/linux-64/virtualenv-20.26.1-py312h06a4308_0.conda#9a27149f4f1db4ada607be0fb5494f1b
https://conda.anaconda.org/conda-forge/linux-64/watchdog-4.0.1-py312h7900ff3_0.conda#7cc94a3b5e9698eecc2c39dbf7a173db
https://repo.anaconda.com/pkgs/main/linux-64/argon2-cffi-bindings-21.2.0-py312h5eee18b_0.conda#ed4180dcd3e7c19a9c06a86510ad1ae7
https://conda.anaconda.org/conda-forge/linux-64/aws-crt-cpp-0.26.9-he3a8b3b_0.conda#fbe6a256dd70a505730e7c461cd37a35
https://conda.anaconda.org/conda-forge/linux-64/azure-storage-blobs-cpp-12.10.0-h00ab1b0_1.conda#1e63d3866554a4d2e3d1cba5f21a2841
https://repo.anaconda.com/pkgs/main/linux-64/bottleneck-1.3.7-py312ha883a20_0.conda#51bb23c66f00f6cc89dd0dee32815e67
https://repo.anaconda.com/pkgs/main/linux-64/branca-0.6.0-py312h06a4308_0.conda#0b93373891471306c3d9173cac8d1129
https://repo.anaconda.com/pkgs/main/linux-64/cftime-1.6.2-py312ha883a20_1.conda#dbde55741cb4e19ab3adfa8a223717b0
https://repo.anaconda.com/pkgs/main/linux-64/contourpy-1.2.0-py312hdb19cb5_0.conda#45c70b5ee7202df3c86a586c2736bce7
https://repo.anaconda.com/pkgs/main/linux-64/cryptography-42.0.5-py312hdda0065_1.conda#f224acb5b9a99ce1b715152d1ef7a67e
https://repo.anaconda.com/pkgs/main/linux-64/gitpython-3.1.37-py312h06a4308_0.conda#447f9e5b301814c2e2ad7c485f626731
https://conda.anaconda.org/conda-forge/noarch/griffe-0.45.2-pyhd8ed1ab_0.conda#409a74bc6c127c7a623777547d03d587
https://repo.anaconda.com/pkgs/main/linux-64/httpx-0.26.0-py312h06a4308_0.conda#1773f853d16a8002ac9c8f056acbd5ed
https://repo.anaconda.com/pkgs/main/noarch/importlib_metadata-7.0.1-hd3eb1b0_0.conda#f764ec5ca8c8f808464764c83be0ead4
https://repo.anaconda.com/pkgs/main/linux-64/jsonschema-specifications-2023.7.1-py312h06a4308_0.conda#4a3e8dd4b08a13007db2038e6d0ee144
https://repo.anaconda.com/pkgs/main/linux-64/jupyter_client-8.6.0-py312h06a4308_0.conda#fa5c4806fb8923dd99bd6e4117394681
https://repo.anaconda.com/pkgs/main/linux-64/jupyter_server_terminals-0.4.4-py312h06a4308_1.conda#38397ad2c8ba35b0c34082d230f49bd8
https://repo.anaconda.com/pkgs/main/linux-64/numexpr-2.8.7-py312he7dcb8a_0.conda#abeab7edb95c5f2adcd741401a2e07dc
https://repo.anaconda.com/pkgs/main/noarch/prompt_toolkit-3.0.43-hd3eb1b0_0.conda#244c80adf85e37e2a4158d0f0c199566
https://repo.anaconda.com/pkgs/main/linux-64/pydantic-core-2.14.6-py312hb02cf49_0.conda#e923c263c17acb02e2d48d0349eeeb73
https://repo.anaconda.com/pkgs/main/linux-64/pytest-cov-4.1.0-py312h06a4308_1.conda#527d99f42aeea2545011a0bb6c7d38b8
https://conda.anaconda.org/conda-forge/noarch/pytest-sugar-1.0.0-pyhd8ed1ab_0.conda#95911286c4f6bcea2bea50b2739c7f8e
https://repo.anaconda.com/pkgs/main/linux-64/pytest-xdist-3.5.0-py312h06a4308_0.conda#ef2e7e9b783616dc444ab67fe29b94b5
https://conda.anaconda.org/conda-forge/noarch/rich-13.7.1-pyhd8ed1ab_0.conda#ba445bf767ae6f0d959ff2b40c20912b
https://repo.anaconda.com/pkgs/main/linux-64/scipy-1.13.0-py312h2809609_0.conda#de051a709b27885d13e11e73d7d6375a
https://conda.anaconda.org/conda-forge/linux-64/shapely-2.0.4-py312ha5b4d35_1.conda#1248b799f811d8ea215de88f53ae7ffc
https://repo.anaconda.com/pkgs/main/noarch/snuggs-1.4.7-pyhd3eb1b0_0.conda#f84b8372cc7b4b7ff2be0c34b26378ae
https://repo.anaconda.com/pkgs/main/noarch/stack_data-0.2.0-pyhd3eb1b0_0.conda#6212968e73726f6da42e5ffcd2bea92d
https://repo.anaconda.com/pkgs/main/linux-64/ukkonen-1.0.1-py312hdb19cb5_0.conda#12f014642b080b0635c43e4e0d27e690
https://repo.anaconda.com/pkgs/main/noarch/argon2-cffi-21.3.0-pyhd3eb1b0_0.conda#f00b851bc61b4c313903d31c7daecb09
https://conda.anaconda.org/conda-forge/linux-64/aws-sdk-cpp-1.11.329-hba8bd5f_3.conda#720494d9f06b4aff1270cffb7acc7920
https://repo.anaconda.com/pkgs/main/linux-64/identify-2.5.5-py312h06a4308_0.conda#f41d506d423ed77f2fd4ae67020ae659
https://repo.anaconda.com/pkgs/main/linux-64/ipython-8.20.0-py312h06a4308_0.conda#acbc198f40955d3ab40f666188371988
https://repo.anaconda.com/pkgs/main/linux-64/jsonschema-4.19.2-py312h06a4308_0.conda#5f74dfc66bdbe28a628b982f2ee0c345
https://repo.anaconda.com/pkgs/main/linux-64/matplotlib-base-3.8.4-py312h526ad5a_0.conda#82aa62c40bd375ed45589ba536312895
https://conda.anaconda.org/conda-forge/linux-64/netcdf4-1.6.5-nompi_py312h39d4375_101.conda#9033de6c10fd3396990890d8d8a6ac4e
https://repo.anaconda.com/pkgs/main/linux-64/pandas-2.2.1-py312h526ad5a_0.conda#f292b675711a103bf8a3c577d052171a
https://conda.anaconda.org/conda-forge/noarch/plum-dispatch-2.3.6-pyhd8ed1ab_0.conda#a805d5ef0fdc9fbee2c07ce24b118550
https://repo.anaconda.com/pkgs/main/linux-64/pydantic-2.5.3-py312h06a4308_0.conda#b584f35c1c23cfe8bfa0ec111df2408e
https://repo.anaconda.com/pkgs/main/linux-64/pyopenssl-24.0.0-py312h06a4308_0.conda#f93a6ad622b84e53aed3d899b5b36f6a
https://repo.anaconda.com/pkgs/main/linux-64/scikit-learn-1.4.2-py312h526ad5a_1.conda#7f8e8d231b3df92ca1821f2062c76306
https://repo.anaconda.com/pkgs/main/linux-64/secretstorage-3.3.1-py312h06a4308_1.conda#790c1839ee84767859d244875a26ad97
https://conda.anaconda.org/conda-forge/noarch/typer-slim-standard-0.12.3-hd8ed1ab_0.conda#8e56b98837d17e6ace4dc455d905709a
https://conda.anaconda.org/conda-forge/noarch/geopandas-base-0.14.4-pyha770c72_0.conda#b7a9e8e5865cc474fb0856577898316a
https://repo.anaconda.com/pkgs/main/linux-64/ipykernel-6.28.0-py312h06a4308_0.conda#b488eb4fadcff89d5a2cf097a5c7a91b
https://repo.anaconda.com/pkgs/main/linux-64/jupyter_events-0.8.0-py312h06a4308_0.conda#64f17e343ab9fb9a6519c64b117e3599
https://repo.anaconda.com/pkgs/main/linux-64/keyring-24.3.1-py312h06a4308_0.conda#fff26aca6afa1adcb1cd61d8763639e3
https://repo.anaconda.com/pkgs/main/linux-64/mapclassify-2.5.0-py312h06a4308_0.conda#f4a3cedfd24c1533fd3a0a54a62a62b8
https://repo.anaconda.com/pkgs/main/linux-64/nbformat-5.9.2-py312h06a4308_0.conda#17aa138ac1d11e5a75f9c0c0377b7885
https://conda.anaconda.org/conda-forge/noarch/pre-commit-3.7.1-pyha770c72_0.conda#724bc4489c1174fc8e3233b0624fa51f
https://conda.anaconda.org/conda-forge/noarch/seaborn-base-0.13.2-pyhd8ed1ab_2.conda#b713b116feaf98acdba93ad4d7f90ca1
https://conda.anaconda.org/conda-forge/noarch/sphobjinv-2.3.1.1-pyhd8ed1ab_0.conda#3503896d50f4e463bb86c77bab85ce07
https://conda.anaconda.org/conda-forge/linux-64/tiledb-2.23.0-hfa691db_2.conda#f9cd15d6c7deeeb5b60d65fac59b18bc
https://conda.anaconda.org/conda-forge/noarch/typer-0.12.3-pyhd8ed1ab_0.conda#10efd02b22c39c0a46312ef7cb16d237
https://repo.anaconda.com/pkgs/main/linux-64/urllib3-1.26.18-py312h06a4308_0.conda#37ba59346fdec674be0d3ec112225bf3
https://repo.anaconda.com/pkgs/main/linux-64/xarray-2023.6.0-py312h06a4308_0.conda#b43bba50ad0baabcb3cb1b70d3e6916a
https://conda.anaconda.org/conda-forge/linux-64/libgdal-3.8.5-h77540a9_7.conda#5937eafdfa5713c78a21cbb33a84539e
https://repo.anaconda.com/pkgs/main/linux-64/nbclient-0.8.0-py312h06a4308_0.conda#27e95ee551e2a710fe0d96da0ca141fe
https://conda.anaconda.org/conda-forge/noarch/quartodoc-0.7.2-pyhd8ed1ab_0.conda#9bf1905bef4492b77781e058cc27db35
https://repo.anaconda.com/pkgs/main/linux-64/requests-2.32.2-py312h06a4308_0.conda#8149ef9ed40945df19d2aff5ffd5bae0
https://repo.anaconda.com/pkgs/main/linux-64/cachecontrol-0.14.0-py312h06a4308_1.conda#bf57de67bcf746306cd3e026e6d1cccc
https://repo.anaconda.com/pkgs/main/linux-64/ensureconda-1.4.4-py312h06a4308_1.conda#c667ee44114bd2b67633a7cb4dfc02f2
https://repo.anaconda.com/pkgs/main/linux-64/folium-0.14.0-py312h06a4308_0.conda#2f16a00500b1165a9c9a938690ba19ac
https://conda.anaconda.org/conda-forge/linux-64/gdal-3.8.5-py312h86af8fa_7.conda#489da43908a2583ab6a7549747a41e56
https://repo.anaconda.com/pkgs/main/linux-64/nbconvert-7.10.0-py312h06a4308_0.conda#e913ecbb1401f765ed8631ed511d6788
https://conda.anaconda.org/conda-forge/linux-64/rasterio-1.3.10-py312h2447d21_1.conda#e3b23e993698c5afd6ee57e009cabf4c
https://repo.anaconda.com/pkgs/main/linux-64/requests-toolbelt-1.0.0-py312h06a4308_0.conda#7aa77208d296f2bb73e3e71f5614e170
https://conda.anaconda.org/conda-forge/noarch/unearth-0.15.2-pyhd8ed1ab_0.conda#dda35988bb25a59bc0545ec35fc25977
https://repo.anaconda.com/pkgs/main/linux-64/cachecontrol-with-filecache-0.14.0-py312h06a4308_1.conda#e3f673966a8bfbab947ceceb285f72d0
https://conda.anaconda.org/conda-forge/linux-64/fiona-1.9.6-py312h39f3bbb_2.conda#027c465cb004970543b3641b4a0fef74
https://repo.anaconda.com/pkgs/main/linux-64/jupyter_server-2.10.0-py312h06a4308_0.conda#49fdb30dd562f6417cc1a621e2f24047
https://conda.anaconda.org/conda-forge/linux-64/pdm-2.12.4-py312h7900ff3_1.conda#faf91a93a76cd42d9b1fb3ff400b199f
https://conda.anaconda.org/conda-forge/noarch/rioxarray-0.15.5-pyhd8ed1ab_0.conda#cd7e6bfce5f8d758267c79d54bf108e7
https://repo.anaconda.com/pkgs/main/linux-64/conda-lock-2.5.6-py312h06a4308_0.conda#1f85a7f30fbd7e1a1061c05ba059e11f
https://conda.anaconda.org/conda-forge/noarch/geopandas-0.14.4-pyhd8ed1ab_0.conda#acc01facf6f915b6289a064957a58cc1
https://repo.anaconda.com/pkgs/main/linux-64/jupyter-lsp-2.2.0-py312h06a4308_0.conda#5ec44afafeffea8c68eb56af4da94dc5
https://conda.anaconda.org/conda-forge/noarch/jupyterlab_server-2.27.2-pyhd8ed1ab_0.conda#d1cb7b113daaadd89e5aa6a32b28bf0d
https://repo.anaconda.com/pkgs/main/linux-64/notebook-shim-0.2.3-py312h06a4308_0.conda#1f00239d617e3f323f35899f6254b39c
https://conda.anaconda.org/conda-forge/noarch/jupyterlab-4.2.1-pyhd8ed1ab_0.conda#3e7290af6190b29c7017d6a8fb0eaeea
