# Generated by conda-lock.
# platform: linux-64
# input_hash: d0f4990bc43424c85910757e59c66fca50c1d67fe31b47860505da8dfca3d42f
@EXPLICIT
https://conda.anaconda.org/conda-forge/linux-64/_libgcc_mutex-0.1-conda_forge.tar.bz2#d7c89558ba9fa0495403155b64376d81
https://repo.anaconda.com/pkgs/main/linux-64/blas-1.0-openblas.conda#9ddfcaef10d79366c90128f5dc444be8
https://repo.anaconda.com/pkgs/main/linux-64/ca-certificates-2023.12.12-h06a4308_0.conda#12bf7315c3f5ca50300e8b48d1b4ef2e
https://repo.anaconda.com/pkgs/main/noarch/font-ttf-dejavu-sans-mono-2.37-hd3eb1b0_0.conda#95b5078cca69bdf9ac955895b9caf678
https://repo.anaconda.com/pkgs/main/noarch/font-ttf-inconsolata-2.001-hcb22688_0.conda#9e3fa1886c808910ecd9b9be64566410
https://repo.anaconda.com/pkgs/main/noarch/font-ttf-source-code-pro-2.030-hd3eb1b0_0.conda#eb091595cff4c5452f2f409c667aef55
https://repo.anaconda.com/pkgs/main/noarch/font-ttf-ubuntu-0.83-h8b1ccd4_0.conda#a5870ffd24048c1f10af06dd5d0bbe37
https://repo.anaconda.com/pkgs/main/linux-64/ld_impl_linux-64-2.38-h1181459_1.conda#68eedfd9c06f2b0e6888d8db345b7f5b
https://conda.anaconda.org/conda-forge/linux-64/libstdcxx-ng-13.2.0-h7e041cc_5.conda#f6f6600d18a4047b54f803cf708b868a
https://repo.anaconda.com/pkgs/main/linux-64/poppler-data-0.4.11-h06a4308_1.conda#fd6d432aa8fcef7896c9fbe683fea831
https://conda.anaconda.org/conda-forge/linux-64/python_abi-3.11-4_cp311.conda#d786502c97404c94d7d58d258a445a65
https://repo.anaconda.com/pkgs/main/noarch/tzdata-2024a-h04d1e81_0.conda#452af53adae0a5b06eb5d05c707b2f25
https://repo.anaconda.com/pkgs/main/noarch/fonts-anaconda-1-h8fa9717_0.conda#a5efad43de0590ada98f8bcf02ecbfe8
https://conda.anaconda.org/conda-forge/linux-64/libgomp-13.2.0-h807b86a_5.conda#d211c42b9ce49aee3734fdc828731689
https://conda.anaconda.org/conda-forge/linux-64/_openmp_mutex-4.5-2_gnu.tar.bz2#73aaf86a425cc6e73fcf236a5a46396d
https://repo.anaconda.com/pkgs/main/noarch/fonts-conda-ecosystem-1-hd3eb1b0_0.conda#76790b62a799de73c4364f7cdc445583
https://conda.anaconda.org/conda-forge/linux-64/libgcc-ng-13.2.0-h807b86a_5.conda#d4ff227c46917d3b4565302a2bbb276b
https://conda.anaconda.org/conda-forge/linux-64/aws-c-common-0.9.13-hd590300_0.conda#0ba89522712d993987e6d0fae108c721
https://repo.anaconda.com/pkgs/main/linux-64/bzip2-1.0.8-h5eee18b_5.conda#9c8dec113089c4aca7392c6a3864f505
https://conda.anaconda.org/conda-forge/linux-64/c-ares-1.27.0-hd590300_0.conda#f6afff0e9ee08d2f1b897881a4f38cdb
https://conda.anaconda.org/conda-forge/linux-64/fmt-10.2.1-h00ab1b0_0.conda#35ef8bc24bd34074ebae3c943d551728
https://conda.anaconda.org/conda-forge/linux-64/geos-3.12.1-h59595ed_0.conda#8c0f4f71f5a59ceb0c6fa9f51501066d
https://repo.anaconda.com/pkgs/main/linux-64/giflib-5.2.1-h5eee18b_3.conda#aa7d64adb3cd8a75d398167f8c29afc3
https://conda.anaconda.org/conda-forge/linux-64/icu-73.2-h59595ed_0.conda#cc47e1facc155f91abd89b11e48e72ff
https://conda.anaconda.org/conda-forge/linux-64/json-c-0.17-h7ab15ed_0.conda#9961b1f100c3b6852bd97c9233d06979
https://conda.anaconda.org/conda-forge/linux-64/keyutils-1.6.1-h166bdaf_0.tar.bz2#30186d27e2c9fa62b45fb1476b7200e3
https://conda.anaconda.org/conda-forge/linux-64/lerc-4.0.0-h27087fc_0.tar.bz2#76bbff344f0134279f225174e9064c8f
https://conda.anaconda.org/conda-forge/linux-64/libabseil-20240116.1-cxx17_h59595ed_2.conda#75648bc5dd3b8eab22406876c24d81ec
https://conda.anaconda.org/conda-forge/linux-64/libaec-1.1.2-h59595ed_1.conda#127b0be54c1c90760d7fe02ea7a56426
https://repo.anaconda.com/pkgs/main/linux-64/libbrotlicommon-1.0.9-h5eee18b_7.conda#73357cb8fde4b92707ec575c8d8a7ebc
https://repo.anaconda.com/pkgs/main/linux-64/libcrc32c-1.1.2-h6a678d5_0.conda#daf778296b4ada0649ecad5e5e320cd0
https://conda.anaconda.org/conda-forge/linux-64/libdeflate-1.19-hd590300_0.conda#1635570038840ee3f9c71d22aa5b8b6d
https://repo.anaconda.com/pkgs/main/linux-64/libev-4.33-h7f8727e_1.conda#5065620db4393fb549f30114a33897d1
https://conda.anaconda.org/conda-forge/linux-64/libexpat-2.6.1-h59595ed_0.conda#476fb82aba5358a08d52ec44e286ce33
https://repo.anaconda.com/pkgs/main/linux-64/libffi-3.4.4-h6a678d5_0.conda#06e288f9250abef59b9a367d151fc339
https://conda.anaconda.org/conda-forge/linux-64/libgfortran5-13.2.0-ha4646dd_5.conda#7a6bd7a12a4bd359e2afe6c0fa1acace
https://conda.anaconda.org/conda-forge/linux-64/libiconv-1.17-hd590300_2.conda#d66573916ffcf376178462f1b61c941e
https://conda.anaconda.org/conda-forge/linux-64/libjpeg-turbo-3.0.0-hd590300_1.conda#ea25936bb4080d843790b586850f82b8
https://conda.anaconda.org/conda-forge/linux-64/libnsl-2.0.1-hd590300_0.conda#30fd6e37fe21f86f4bd26d6ee73eeec7
https://repo.anaconda.com/pkgs/main/linux-64/libsodium-1.0.18-h7b6447c_0.conda#c8783b20f0e14bc1d701352c26c264d5
https://repo.anaconda.com/pkgs/main/linux-64/libspatialindex-1.9.3-h2531618_0.conda#2944eeda0125389c979af67e4460a510
https://conda.anaconda.org/conda-forge/linux-64/libuuid-2.38.1-h0b41bf4_0.conda#40b61aab5c7ba9ff276c41cfffe6b80b
https://repo.anaconda.com/pkgs/main/linux-64/libwebp-base-1.3.2-h5eee18b_0.conda#9179fc7baefa1e027f572edbc519d805
https://repo.anaconda.com/pkgs/main/linux-64/libxcb-1.15-h7f8727e_0.conda#ada518dcadd6aaee9aae47ba9a671553
https://conda.anaconda.org/conda-forge/linux-64/libxcrypt-4.4.36-hd590300_1.conda#5aa797f8787fe7a17d1b0821485b5adc
https://conda.anaconda.org/conda-forge/linux-64/libzlib-1.2.13-hd590300_5.conda#f36c115f1ee199da648e0597ec2047ad
https://repo.anaconda.com/pkgs/main/linux-64/lz4-c-1.9.4-h6a678d5_0.conda#53915e9402180a7f22ea619c41089520
https://repo.anaconda.com/pkgs/main/linux-64/lzo-2.10-h7b6447c_2.conda#65722a7644f424de73fea6e87edd7653
https://repo.anaconda.com/pkgs/main/linux-64/ncurses-6.4-h6a678d5_0.conda#5558eec6e2191741a92f832ea826251c
https://repo.anaconda.com/pkgs/main/linux-64/nspr-4.35-h6a678d5_0.conda#208fff5d60133bcff6998a70c9f5203b
https://conda.anaconda.org/conda-forge/linux-64/openssl-3.2.1-hd590300_0.conda#51a753e64a3027bd7e23a189b1f6e91e
https://conda.anaconda.org/conda-forge/linux-64/pixman-0.43.2-h59595ed_0.conda#71004cbf7924e19c02746ccde9fd7123
https://repo.anaconda.com/pkgs/main/linux-64/snappy-1.1.10-h6a678d5_1.conda#0b793ca60e2aacddbdec5f1a9c5500fe
https://conda.anaconda.org/conda-forge/linux-64/tzcode-2024a-h3f72095_0.conda#32146e34aaec3745a08b6f49af3f41b0
https://repo.anaconda.com/pkgs/main/linux-64/uriparser-0.9.7-h5eee18b_0.conda#83ea87ede0dd28a0b32747e80812a0ac
https://conda.anaconda.org/conda-forge/linux-64/xorg-kbproto-1.0.7-h7f98852_1002.tar.bz2#4b230e8381279d76131116660f5a241a
https://conda.anaconda.org/conda-forge/linux-64/xorg-libice-1.1.1-hd590300_0.conda#b462a33c0be1421532f28bfe8f4a7514
https://conda.anaconda.org/conda-forge/linux-64/xorg-renderproto-0.11.1-h7f98852_1002.tar.bz2#06feff3d2634e3097ce2fe681474b534
https://conda.anaconda.org/conda-forge/linux-64/xorg-xextproto-7.3.0-h0b41bf4_1003.conda#bce9f945da8ad2ae9b1d7165a64d0f87
https://repo.anaconda.com/pkgs/main/linux-64/xorg-xproto-7.0.31-h27cfd23_1007.conda#287ea0f32c5f1c209e5030ead360b613
https://repo.anaconda.com/pkgs/main/linux-64/xz-5.4.6-h5eee18b_0.conda#81a9916f581d4da15a3839216a487c66
https://repo.anaconda.com/pkgs/main/linux-64/yaml-0.2.5-h7b6447c_0.conda#39fdbf4db769e494ffb06d95680c83d8
https://conda.anaconda.org/conda-forge/linux-64/aws-c-cal-0.6.10-hb29e0c7_1.conda#2400ab35ff4eec4fab57e06e7acd3c2a
https://conda.anaconda.org/conda-forge/linux-64/aws-c-compression-0.2.18-hecc5fa9_1.conda#1d838050e7d65d2f38dc3b84b928aa2b
https://conda.anaconda.org/conda-forge/linux-64/aws-c-sdkutils-0.1.15-hecc5fa9_1.conda#1f3169bc679a1ead5b44a6c79408add7
https://conda.anaconda.org/conda-forge/linux-64/aws-checksums-0.1.18-hecc5fa9_1.conda#d49175b3e097182a65ba9e3fb2c38603
https://conda.anaconda.org/conda-forge/linux-64/expat-2.6.1-h59595ed_0.conda#ee90e7ac57321f8782f8438bf647b75b
https://conda.anaconda.org/conda-forge/linux-64/hdf4-4.2.15-h2a13503_7.conda#bd77f8da987968ec3927990495dc22e4
https://repo.anaconda.com/pkgs/main/linux-64/libbrotlidec-1.0.9-h5eee18b_7.conda#5c31f3bd570dc4d7d799117c98aad6e3
https://repo.anaconda.com/pkgs/main/linux-64/libbrotlienc-1.0.9-h5eee18b_7.conda#289179174f1216582a949b528d8224af
https://repo.anaconda.com/pkgs/main/linux-64/libedit-3.1.20230828-h5eee18b_0.conda#850eb5a9d2d7d3c66cce12e84406ca08
https://conda.anaconda.org/conda-forge/linux-64/libgfortran-ng-13.2.0-h69a702a_5.conda#e73e9cfd1191783392131e6238bdb3e9
https://conda.anaconda.org/conda-forge/linux-64/libnghttp2-1.58.0-h47da74e_1.conda#700ac6ea6d53d5510591c4344d5c989a
https://conda.anaconda.org/conda-forge/linux-64/libpng-1.6.43-h2797004_0.conda#009981dd9cfcaa4dbfa25ffaed86bcae
https://conda.anaconda.org/conda-forge/linux-64/libprotobuf-4.25.3-h08a7969_0.conda#6945825cebd2aeb16af4c69d97c32c13
https://conda.anaconda.org/conda-forge/linux-64/libre2-11-2023.09.01-h5a48ba9_2.conda#41c69fba59d495e8cf5ffda48a607e35
https://conda.anaconda.org/conda-forge/linux-64/librttopo-1.1.0-h8917695_15.conda#20c3c14bc491f30daecaa6f73e2223ae
https://conda.anaconda.org/conda-forge/linux-64/libsqlite-3.45.1-h2797004_0.conda#fc4ccadfbf6d4784de88c41704792562
https://conda.anaconda.org/conda-forge/linux-64/libssh2-1.11.0-h0841786_0.conda#1f5a58e686b13bcfde88b93f547d23fe
https://conda.anaconda.org/conda-forge/linux-64/libxml2-2.12.5-h232c23b_0.conda#c442ebfda7a475f5e78f1c8e45f1e919
https://conda.anaconda.org/conda-forge/linux-64/libzip-1.10.1-h2629f0a_3.conda#ac79812548e7e8cf61f7b0abdef01d3b
https://repo.anaconda.com/pkgs/main/linux-64/readline-8.2-h5eee18b_0.conda#be42180685cce6e6b0329201d9f48efb
https://conda.anaconda.org/conda-forge/linux-64/s2n-1.4.5-h06160fa_0.conda#0d3d9c621239b674ac1b738df00a0793
https://conda.anaconda.org/conda-forge/linux-64/spdlog-1.12.0-hd2e6256_2.conda#f37afc6ce10d45b9fae2f55ddc635b9f
https://conda.anaconda.org/conda-forge/linux-64/tk-8.6.13-noxft_h4845f30_101.conda#d453b98d9c83e71da0741bb0ff4d76bc
https://conda.anaconda.org/conda-forge/linux-64/xorg-libsm-1.2.4-h7391055_0.conda#93ee23f12bc2e684548181256edd2cf6
https://conda.anaconda.org/conda-forge/linux-64/xorg-libx11-1.8.7-h8ee46fc_0.conda#49e482d882669206653b095f5206c05b
https://repo.anaconda.com/pkgs/main/linux-64/zeromq-4.3.5-h6a678d5_0.conda#354c934a4a5500f4c455c630f2702dbc
https://conda.anaconda.org/conda-forge/linux-64/zlib-1.2.13-hd590300_5.conda#68c34ec6149623be41a1933ab996a209
https://conda.anaconda.org/conda-forge/linux-64/aws-c-io-0.14.5-h50678d4_1.conda#3d527c16470bfbf50234c9ce9c3290ee
https://repo.anaconda.com/pkgs/main/linux-64/brotli-bin-1.0.9-h5eee18b_7.conda#1cc9b5d3edf7bf3247941f4b5c083242
https://repo.anaconda.com/pkgs/main/linux-64/freetype-2.12.1-h4a9f257_0.conda#bdc7b5952e9c5dca01bc2f4ccef2f974
https://conda.anaconda.org/conda-forge/linux-64/krb5-1.21.2-h659d440_0.conda#cd95826dbd331ed1be26bdf401432844
https://repo.anaconda.com/pkgs/main/linux-64/libkml-1.3.0-h096b73e_7.conda#23f3c95c535e38ee050f9f4bc8eb6bcc
https://conda.anaconda.org/conda-forge/linux-64/libopenblas-0.3.26-pthreads_h413a1c8_0.conda#760ae35415f5ba8b15d09df5afe8b23a
https://conda.anaconda.org/conda-forge/linux-64/nss-3.98-h1d7d5a4_0.conda#54b56c2fdf973656b748e0378900ec13
https://repo.anaconda.com/pkgs/main/linux-64/pcre2-10.42-hebb0a14_0.conda#fca6dea6ce1eddd0876a024f62c5097a
https://conda.anaconda.org/conda-forge/linux-64/python-3.11.8-hab00c5b_0_cpython.conda#2fdc314ee058eda0114738a9309d3683
https://conda.anaconda.org/conda-forge/linux-64/re2-2023.09.01-h7f4b329_2.conda#8f70e36268dea8eb666ef14c29bd3cda
https://repo.anaconda.com/pkgs/main/linux-64/sqlite-3.41.2-h5eee18b_0.conda#c7086c9ceb6cfe1c4c729a774a2d88a5
https://conda.anaconda.org/conda-forge/linux-64/xorg-libxext-1.3.4-h0b41bf4_2.conda#82b6df12252e6f32402b96dacc656fec
https://conda.anaconda.org/conda-forge/linux-64/xorg-libxrender-0.9.11-hd590300_0.conda#ed67c36f215b310412b2af935bf3e530
https://repo.anaconda.com/pkgs/main/linux-64/zstd-1.5.5-hc292b87_0.conda#0f59d57dc21f585f4c282d60dfb46505
https://repo.anaconda.com/pkgs/main/noarch/affine-2.3.0-pyhd3eb1b0_0.conda#b8d56e39137c75029f2a2b21943dc5c8
https://repo.anaconda.com/pkgs/main/linux-64/annotated-types-0.6.0-py311h06a4308_0.conda#d644060dea1e2f57e08a2f8a8af6c6dd
https://repo.anaconda.com/pkgs/main/noarch/appdirs-1.4.4-pyhd3eb1b0_0.conda#5673d98d06171cb6eed03a6736845c4d
https://repo.anaconda.com/pkgs/main/linux-64/async-lru-2.0.4-py311h06a4308_0.conda#0c8c5e7a5e2ccb8d7851d025a1e91796
https://repo.anaconda.com/pkgs/main/linux-64/attrs-23.1.0-py311h06a4308_0.conda#47523ff7d4152ca3c652fcce135b34e9
https://conda.anaconda.org/conda-forge/linux-64/aws-c-event-stream-0.4.2-hf9b2f7b_4.conda#772e5b7c3c3c9dd07a2648cfa95e1c34
https://conda.anaconda.org/conda-forge/linux-64/aws-c-http-0.8.1-h5d7533a_5.conda#3315582ff86ff2c9e870eb5a9ad2a13c
https://conda.anaconda.org/conda-forge/noarch/beartype-0.17.2-pyhd8ed1ab_0.conda#d1efc7c68a704da942163b96cd33b929
https://repo.anaconda.com/pkgs/main/linux-64/blinker-1.6.2-py311h06a4308_0.conda#d579b705c944ce0ec4c2b08a8c5cf0dc
https://conda.anaconda.org/conda-forge/linux-64/blosc-1.21.5-h0f2a231_0.conda#009521b7ed97cca25f8f997f9e745976
https://repo.anaconda.com/pkgs/main/linux-64/brotli-1.0.9-h5eee18b_7.conda#fb777289bceecf617ca9e35dd4484c86
https://repo.anaconda.com/pkgs/main/linux-64/brotli-python-1.0.9-py311h6a678d5_7.conda#e7ad3b066db40f54d37099e58fef130a
https://repo.anaconda.com/pkgs/main/noarch/cached-property-1.5.2-py_0.conda#32deb173c271fa2d09744446024a6340
https://repo.anaconda.com/pkgs/main/noarch/cachy-0.3.0-pyhd3eb1b0_0.conda#fcb19b85ad100b509f744e339c50871e
https://repo.anaconda.com/pkgs/main/linux-64/certifi-2024.2.2-py311h06a4308_0.conda#41da74cdc2b8351fba03d603ecd2224c
https://repo.anaconda.com/pkgs/main/linux-64/cfgv-3.4.0-py311h06a4308_0.conda#eb4a4007a21a30875886923abc96d272
https://repo.anaconda.com/pkgs/main/noarch/charset-normalizer-2.0.4-pyhd3eb1b0_0.conda#e7a441d94234b2b5fafee06e25dbf076
https://repo.anaconda.com/pkgs/main/linux-64/click-8.1.7-py311h06a4308_0.conda#1ffaf932dee43fd766c2f86a443a3e5e
https://repo.anaconda.com/pkgs/main/linux-64/colorama-0.4.6-py311h06a4308_0.conda#e9e95330183ae1f49a4448bc772c0f86
https://repo.anaconda.com/pkgs/main/linux-64/coverage-7.2.2-py311h5eee18b_0.conda#b5ca40e7e105d846d822b7a7638fd561
https://repo.anaconda.com/pkgs/main/linux-64/crashtest-0.4.1-py311h06a4308_0.conda#c11599b40f6daa4a9d318f7e90fd6d8f
https://repo.anaconda.com/pkgs/main/noarch/cycler-0.11.0-pyhd3eb1b0_0.conda#f5e365d2cdb66d547eb8c3ab93843aab
https://repo.anaconda.com/pkgs/main/linux-64/debugpy-1.6.7-py311h6a678d5_0.conda#594c9b18dfe673337514815f4bb4e5d7
https://repo.anaconda.com/pkgs/main/noarch/decorator-5.1.1-pyhd3eb1b0_0.conda#4d969aac32a0faf84af90c797bfc7fec
https://repo.anaconda.com/pkgs/main/noarch/defusedxml-0.7.1-pyhd3eb1b0_0.conda#d912068b0729930972adcaac338882c0
https://repo.anaconda.com/pkgs/main/linux-64/distlib-0.3.6-py311h06a4308_0.conda#9653afe6c84cf633fdce953a601a8ea9
https://repo.anaconda.com/pkgs/main/linux-64/et_xmlfile-1.1.0-py311h06a4308_0.conda#eac287d1ee34bdaf7e8c9a1ee26356cb
https://repo.anaconda.com/pkgs/main/noarch/executing-0.8.3-pyhd3eb1b0_0.conda#7be61d1c3c555fb37682b28d7a53d622
https://repo.anaconda.com/pkgs/main/linux-64/filelock-3.13.1-py311h06a4308_0.conda#06e9d75c5dccc4d217ef5fb829cec1f7
https://conda.anaconda.org/conda-forge/linux-64/fontconfig-2.14.2-h14ed4e7_0.conda#0f69b688f52ff6da70bccb7ff7001d1d
https://repo.anaconda.com/pkgs/main/linux-64/h11-0.14.0-py311h06a4308_0.conda#874a8239a6566221f9109775d9e1f15c
https://repo.anaconda.com/pkgs/main/linux-64/idna-3.4-py311h06a4308_0.conda#ace9494db4d1927c447dc6f81bc95f0a
https://repo.anaconda.com/pkgs/main/linux-64/importlib_resources-6.1.1-py311h06a4308_1.conda#f942e562c42e494b62c2c3ad9a400efd
https://repo.anaconda.com/pkgs/main/noarch/iniconfig-1.1.1-pyhd3eb1b0_0.tar.bz2#e40edff2c5708f342cef43c7f280c507
https://repo.anaconda.com/pkgs/main/noarch/jeepney-0.7.1-pyhd3eb1b0_0.conda#f115ef0af90b59f35ef56743955979a4
https://repo.anaconda.com/pkgs/main/linux-64/joblib-1.2.0-py311h06a4308_0.conda#6ef54e241e0ab91f3a3a6572c1d6b2d5
https://repo.anaconda.com/pkgs/main/noarch/json5-0.9.6-pyhd3eb1b0_0.conda#4e721ee2dbfa20069719d2ee19185031
https://repo.anaconda.com/pkgs/main/linux-64/kiwisolver-1.4.4-py311h6a678d5_0.conda#3152f70874dcc84ba512ff5097e37ab4
https://conda.anaconda.org/conda-forge/linux-64/libarchive-3.7.2-h2aa1ff5_1.conda#3bf887827d1968275978361a6e405e4f
https://conda.anaconda.org/conda-forge/linux-64/libblas-3.9.0-21_linux64_openblas.conda#0ac9f44fc096772b0aa092119b00c3ca
https://conda.anaconda.org/conda-forge/linux-64/libcurl-8.5.0-hca28451_0.conda#7144d5a828e2cae218e0e3c98d8a0aeb
https://repo.anaconda.com/pkgs/main/linux-64/libglib-2.78.4-hdc74915_0.conda#2f6d27741e931d5b6ba56e1a1312aaf0
https://conda.anaconda.org/conda-forge/linux-64/libgrpc-1.62.1-h15f2491_0.conda#564517a8cbd095cff75eb996d33d2b7e
https://conda.anaconda.org/conda-forge/linux-64/libpq-16.2-h33b98f1_0.conda#fe0e297faf462ee579c95071a5211665
https://conda.anaconda.org/conda-forge/linux-64/libtiff-4.6.0-ha9c0a0a_2.conda#55ed21669b2015f77c180feb1dd41930
https://repo.anaconda.com/pkgs/main/linux-64/markupsafe-2.1.3-py311h5eee18b_0.conda#fcf7a9a851fc6ed09331e8fe517b7a12
https://repo.anaconda.com/pkgs/main/linux-64/mdurl-0.1.0-py311h06a4308_0.conda#badfb1169478a26f76119f434b62b8c2
https://repo.anaconda.com/pkgs/main/linux-64/minizip-4.0.3-hf59b114_0.conda#e1efccc2d4cfe54c7119600ea6dcdbe7
https://repo.anaconda.com/pkgs/main/linux-64/mistune-2.0.4-py311h06a4308_0.conda#0aac33bec0e5fa8c8436507b3df4567d
https://repo.anaconda.com/pkgs/main/linux-64/more-itertools-10.1.0-py311h06a4308_0.conda#16df8b62773ea1a1db5b4443a7075739
https://repo.anaconda.com/pkgs/main/linux-64/msgpack-python-1.0.3-py311hdb19cb5_0.conda#aa6ec1328c13c310f8c6cd75fc008f98
https://repo.anaconda.com/pkgs/main/noarch/munkres-1.1.4-py_0.conda#148362ba07f92abab76999a680c80084
https://repo.anaconda.com/pkgs/main/linux-64/nest-asyncio-1.6.0-py311h06a4308_0.conda#151eac993c7a5795576cd98fd51b963a
https://repo.anaconda.com/pkgs/main/linux-64/networkx-3.1-py311h06a4308_0.conda#bd59515f6ba1ee075a0eed3a92103a2c
https://repo.anaconda.com/pkgs/main/linux-64/numpy-base-1.26.4-py311hbfb1bba_0.conda#5588399825a0301766b17e4f66b0fc23
https://repo.anaconda.com/pkgs/main/linux-64/overrides-7.4.0-py311h06a4308_0.conda#52fadb1fcb2ed672a81d6e04cde5e728
https://repo.anaconda.com/pkgs/main/linux-64/packaging-23.1-py311h06a4308_0.conda#6e6d51b87442e33fc4d30c16f93b0a64
https://repo.anaconda.com/pkgs/main/noarch/pandocfilters-1.5.0-pyhd3eb1b0_0.conda#5547ced9e3bb4c513405998957b52c7b
https://repo.anaconda.com/pkgs/main/noarch/parso-0.8.3-pyhd3eb1b0_0.conda#c6f0f6219bf5ce2b510ef4b75cbc3e01
https://repo.anaconda.com/pkgs/main/noarch/pastel-0.2.1-py_0.conda#81a0d5c930710445569d9a2f5137d6a2
https://repo.anaconda.com/pkgs/main/linux-64/pkginfo-1.9.6-py311h06a4308_0.conda#52761274e7046375767d1fa8bf466e78
https://repo.anaconda.com/pkgs/main/linux-64/platformdirs-2.5.2-py311h06a4308_0.conda#5c8deff5c66e75b9aedd1dbe86d45785
https://repo.anaconda.com/pkgs/main/linux-64/pluggy-1.0.0-py311h06a4308_1.conda#9161481e52853483e8233f259fb25272
https://repo.anaconda.com/pkgs/main/linux-64/prometheus_client-0.14.1-py311h06a4308_0.conda#74866d95e06bb1dde3c8a5b4f3c023a3
https://repo.anaconda.com/pkgs/main/linux-64/psutil-5.9.0-py311h5eee18b_0.conda#bb0e15716b6b92092aa0e9b89629fa09
https://repo.anaconda.com/pkgs/main/noarch/ptyprocess-0.7.0-pyhd3eb1b0_2.conda#7441d2827d4bfbcc1fa308875a146246
https://repo.anaconda.com/pkgs/main/noarch/pure_eval-0.2.2-pyhd3eb1b0_0.conda#a87d6d9827e5dff68d34d69971f8a9b1
https://repo.anaconda.com/pkgs/main/noarch/pycparser-2.21-pyhd3eb1b0_0.conda#135a72ff2a31150a3a3ff0b1edd41ca9
https://repo.anaconda.com/pkgs/main/linux-64/pygments-2.15.1-py311h06a4308_1.conda#eccebf7e4eae9528fb26af098fb2ac4f
https://repo.anaconda.com/pkgs/main/noarch/pylev-1.3.0-py_0.conda#8753b52aad70b2ed2ebaa6031853c816
https://repo.anaconda.com/pkgs/main/linux-64/pyparsing-3.0.9-py311h06a4308_0.conda#0226abf73d27eb89e3bea74f1cf3123f
https://repo.anaconda.com/pkgs/main/linux-64/pyproject_hooks-1.0.0-py311h06a4308_0.conda#49010ef9c649547373a24be2dd99d083
https://repo.anaconda.com/pkgs/main/linux-64/pysocks-1.7.1-py311h06a4308_0.conda#0c6bf55446eb174d2c749fd9499ca181
https://repo.anaconda.com/pkgs/main/linux-64/python-fastjsonschema-2.16.2-py311h06a4308_0.conda#799ea490027044667ec190bfdcb20698
https://repo.anaconda.com/pkgs/main/linux-64/python-installer-0.7.0-py311h06a4308_0.conda#7a526e70deead1438ef924b3b31a638f
https://repo.anaconda.com/pkgs/main/linux-64/python-json-logger-2.0.7-py311h06a4308_0.conda#4ed0190dd4cd0d63e53dafe1920255a9
https://repo.anaconda.com/pkgs/main/noarch/python-tzdata-2023.3-pyhd3eb1b0_0.conda#479c037de0186d114b9911158427624e
https://repo.anaconda.com/pkgs/main/linux-64/pytz-2023.3.post1-py311h06a4308_0.conda#0af28d3e6b97ecb6c13de4d4c0729e15
https://repo.anaconda.com/pkgs/main/linux-64/pyyaml-6.0.1-py311h5eee18b_0.conda#43760d0804f9fdf6d501f58e14637da7
https://repo.anaconda.com/pkgs/main/linux-64/pyzmq-25.1.2-py311h6a678d5_0.conda#b392f9e54e748b035b129e013f562b6b
https://conda.anaconda.org/conda-forge/noarch/resolvelib-1.0.1-pyhd8ed1ab_0.conda#3f9f4ffb76bd4524792f2ff02f446819
https://repo.anaconda.com/pkgs/main/linux-64/rfc3986-validator-0.1.1-py311h06a4308_0.conda#aca87e6bcef39ea91400d7d7e7fb95bd
https://repo.anaconda.com/pkgs/main/linux-64/rpds-py-0.10.6-py311hb02cf49_0.conda#ba4baf5a8f8ab8d762d2f506ddf6d9e8
https://repo.anaconda.com/pkgs/main/linux-64/rtree-1.0.1-py311h06a4308_0.conda#ee24dafe72ad544878aab6be8ccf6368
https://repo.anaconda.com/pkgs/main/linux-64/ruamel.yaml-0.17.21-py311h5eee18b_0.conda#2f1ac43629c820a4e7e59a169c497bb8
https://repo.anaconda.com/pkgs/main/linux-64/send2trash-1.8.2-py311h06a4308_0.conda#deee71129f7c4aebd6cb7cc09b9600f9
https://repo.anaconda.com/pkgs/main/linux-64/setuptools-68.2.2-py311h06a4308_0.conda#264aaac990aa82ff86442ad8249787a3
https://repo.anaconda.com/pkgs/main/linux-64/shellingham-1.5.0-py311h06a4308_0.conda#6f99eb98e3fb627309344cb4dfc2eb68
https://repo.anaconda.com/pkgs/main/noarch/six-1.16.0-pyhd3eb1b0_1.conda#34586824d411d36af2fa40e799c172d0
https://repo.anaconda.com/pkgs/main/noarch/smmap-4.0.0-pyhd3eb1b0_0.conda#ea22ec22100b09799aa81f3e3ef9fa87
https://repo.anaconda.com/pkgs/main/linux-64/sniffio-1.3.0-py311h06a4308_0.conda#f8b2a510ceae985386c6c9cf75b93092
https://repo.anaconda.com/pkgs/main/linux-64/soupsieve-2.5-py311h06a4308_0.conda#6488a97c1367af8f28dbcb6818cc652b
https://repo.anaconda.com/pkgs/main/linux-64/tabulate-0.9.0-py311h06a4308_0.conda#585267891bac1c8911c15a53eff88d27
https://repo.anaconda.com/pkgs/main/linux-64/termcolor-2.1.0-py311h06a4308_0.conda#64ddf005f9ca6b42738a1db03aff327d
https://repo.anaconda.com/pkgs/main/noarch/threadpoolctl-2.2.0-pyh0d69192_0.conda#bbfdbae4934150b902f97daaf287efe2
https://repo.anaconda.com/pkgs/main/noarch/toml-0.10.2-pyhd3eb1b0_0.conda#cda05f5f6d8509529d1a2743288d197a
https://repo.anaconda.com/pkgs/main/linux-64/tomli-2.0.1-py311h06a4308_0.conda#0b1787e56292de337d520850f1270a4e
https://repo.anaconda.com/pkgs/main/linux-64/tomlkit-0.11.1-py311h06a4308_0.conda#228269d1129fda28fae98ac736bc7a7e
https://repo.anaconda.com/pkgs/main/linux-64/toolz-0.12.0-py311h06a4308_0.conda#c1fbef357130d8520fabf9897acac572
https://repo.anaconda.com/pkgs/main/linux-64/tornado-6.3.3-py311h5eee18b_0.conda#82136e90c655c54ab55da67414fb303b
https://repo.anaconda.com/pkgs/main/linux-64/traitlets-5.7.1-py311h06a4308_0.conda#618abdcd1e39f748168c1a951791227e
https://repo.anaconda.com/pkgs/main/linux-64/truststore-0.8.0-py311h06a4308_0.conda#6cc96c7dbf3c3e589d06a949c32e40d8
https://repo.anaconda.com/pkgs/main/linux-64/typing_extensions-4.9.0-py311h06a4308_1.conda#ea2e399c3056077cab8a7b8f6d1ed7dc
https://repo.anaconda.com/pkgs/main/noarch/wcwidth-0.2.5-pyhd3eb1b0_0.conda#ffa649340272c3f6466ba01da254c3b0
https://repo.anaconda.com/pkgs/main/linux-64/webencodings-0.5.1-py311h06a4308_1.conda#6018ed8d17895b6f25113820aefae941
https://repo.anaconda.com/pkgs/main/linux-64/xyzservices-2022.9.0-py311h06a4308_1.conda#db81aa6ab284ef0500345e8cde778e6b
https://repo.anaconda.com/pkgs/main/linux-64/zipp-3.17.0-py311h06a4308_0.conda#7a951094546c6fc4bca88a1fa0f1044e
https://repo.anaconda.com/pkgs/main/linux-64/anyio-4.2.0-py311h06a4308_0.conda#bd2b5ec9f8c5a41a6af8bfc11c8e4e59
https://repo.anaconda.com/pkgs/main/noarch/asttokens-2.0.5-pyhd3eb1b0_0.conda#140486e2ce4f3931b44aa5f7ff8d88da
https://repo.anaconda.com/pkgs/main/noarch/astunparse-1.6.3-py_0.conda#250bc9eafb39eff7fff001dae10e2d3c
https://conda.anaconda.org/conda-forge/linux-64/aws-c-auth-0.7.16-h79b3bcb_6.conda#dfc34e202187d7859cb82e2795db1573
https://conda.anaconda.org/conda-forge/linux-64/aws-c-mqtt-0.10.2-hf479d2b_4.conda#dc6a683c823f2b6445ed0e328160b3de
https://conda.anaconda.org/conda-forge/linux-64/azure-core-cpp-1.11.1-h91d86a7_1.conda#2dbab1d281b7e1da05eee544cbdc8af6
https://repo.anaconda.com/pkgs/main/linux-64/babel-2.11.0-py311h06a4308_0.conda#b0e1c6be7b334706670ed7d203b61775
https://repo.anaconda.com/pkgs/main/linux-64/beautifulsoup4-4.12.2-py311h06a4308_0.conda#e491363ee360824749421d72c54e2d21
https://repo.anaconda.com/pkgs/main/noarch/bleach-4.1.0-pyhd3eb1b0_0.conda#256eb7e384e35f993ef8ccd6c4f45e58
https://conda.anaconda.org/conda-forge/linux-64/cairo-1.18.0-h3faef2a_0.conda#f907bb958910dc404647326ca80c263e
https://repo.anaconda.com/pkgs/main/linux-64/cffi-1.16.0-py311h5eee18b_0.conda#8a38b24e372c9fe04191f34c66db92c4
https://conda.anaconda.org/conda-forge/linux-64/cfitsio-4.3.1-hbdc6101_0.conda#dcea02841b33a9c49f74ca9328de919a
https://repo.anaconda.com/pkgs/main/linux-64/click-default-group-1.2.2-py311h06a4308_0.conda#6d15c5383bd67509b4369c48ef5cdc42
https://repo.anaconda.com/pkgs/main/noarch/click-plugins-1.1.1-pyhd3eb1b0_0.conda#c8cc446ac6e7dea55dc7aec091464c7d
https://repo.anaconda.com/pkgs/main/noarch/cligj-0.7.2-pyhd3eb1b0_0.conda#a304c2ad08c7d498e7dc9eadc6b36e22
https://conda.anaconda.org/conda-forge/noarch/clikit-0.6.2-pyhd8ed1ab_2.conda#02abb7b66b02e8b9f5a9b05454400087
https://repo.anaconda.com/pkgs/main/linux-64/comm-0.2.1-py311h06a4308_0.conda#77bcffc6eee752942b8ac9c40458d7b0
https://conda.anaconda.org/conda-forge/noarch/coverage-badge-1.1.0-pyhd8ed1ab_0.tar.bz2#66546f401e7c193e613a4d9198b66e63
https://conda.anaconda.org/conda-forge/noarch/dep-logic-0.2.0-pyhd8ed1ab_0.conda#412c94a992ba8c828624c2ecb476caf7
https://conda.anaconda.org/conda-forge/noarch/findpython-0.4.1-pyhd8ed1ab_0.conda#8c426babdf74c02498d2d88ac9b56760
https://repo.anaconda.com/pkgs/main/noarch/fonttools-4.25.0-pyhd3eb1b0_0.conda#bb9c5b5a6d892fca5efe4bf0203b6a48
https://repo.anaconda.com/pkgs/main/linux-64/freexl-2.0.0-hf309648_0.conda#09960bea3a0c12d03b8288e943e799bb
https://repo.anaconda.com/pkgs/main/noarch/gitdb-4.0.7-pyhd3eb1b0_0.conda#bdd15a7149734880c003d98110c56b5b
https://repo.anaconda.com/pkgs/main/linux-64/glib-tools-2.78.4-h6a678d5_0.conda#3dbe6227cd59818dca9afb75ccb70708
https://conda.anaconda.org/conda-forge/linux-64/hdf5-1.14.3-nompi_h4f84152_100.conda#d471a5c3abc984b662d9bae3bb7fd8a5
https://repo.anaconda.com/pkgs/main/noarch/html5lib-1.1-pyhd3eb1b0_0.conda#24c4f675dfc77f9d1ae6cd3c33731c3c
https://repo.anaconda.com/pkgs/main/linux-64/httpcore-1.0.2-py311h06a4308_0.conda#59da43deed896367f30ad1fcade15db1
https://repo.anaconda.com/pkgs/main/linux-64/importlib-metadata-7.0.1-py311h06a4308_0.conda#b45a0422472d7c011c8ab59af27fdf36
https://repo.anaconda.com/pkgs/main/noarch/importlib-resources-6.1.1-pyhd3eb1b0_1.conda#3af35c818b28c6c6732a7acafefc9d2a
https://repo.anaconda.com/pkgs/main/noarch/jaraco.classes-3.2.1-pyhd3eb1b0_0.conda#7f47c66b55e92b2724174847703df72f
https://repo.anaconda.com/pkgs/main/linux-64/jedi-0.18.1-py311h06a4308_1.conda#83b2d5fe74d8b0c3bcbcfe3d12bb239c
https://repo.anaconda.com/pkgs/main/linux-64/jinja2-3.1.3-py311h06a4308_0.conda#8cfb69d6d24a4ac44b0f97af779c1312
https://repo.anaconda.com/pkgs/main/linux-64/jupyter_core-5.5.0-py311h06a4308_0.conda#08b5386cab88601eeeefc56a0867385b
https://repo.anaconda.com/pkgs/main/noarch/jupyterlab_pygments-0.1.2-py_0.conda#af46aff4922ca45df6ba19b313df6070
https://conda.anaconda.org/conda-forge/linux-64/lcms2-2.16-hb7c19ff_0.conda#51bb7010fc86f70eee639b4bb7a894f5
https://conda.anaconda.org/conda-forge/linux-64/libcblas-3.9.0-21_linux64_openblas.conda#4a3816d06451c4946e2db26b86472cb6
https://conda.anaconda.org/conda-forge/linux-64/libgoogle-cloud-2.22.0-h9be4e54_1.conda#4b4e36a91e7dabf7345b82d85767a7c3
https://conda.anaconda.org/conda-forge/linux-64/liblapack-3.9.0-21_linux64_openblas.conda#1a42f305615c3867684e049e85927531
https://repo.anaconda.com/pkgs/main/linux-64/markdown-it-py-2.2.0-py311h06a4308_1.conda#4e7d5587597afa716a9fc03fcd20111b
https://repo.anaconda.com/pkgs/main/linux-64/matplotlib-inline-0.1.6-py311h06a4308_0.conda#fc4ea14c818d6b5e61d6021ffcbd4ac8
https://repo.anaconda.com/pkgs/main/linux-64/nodeenv-1.7.0-py311h06a4308_0.conda#54fda4a57ed24395885439693cee3d7a
https://repo.anaconda.com/pkgs/main/linux-64/numpy-1.26.4-py311h24aa872_0.conda#3447c7f46001d1db6c6df26bf4cd461c
https://conda.anaconda.org/conda-forge/linux-64/openjpeg-2.5.2-h488ebb8_0.conda#7f2e286780f072ed750df46dc2631138
https://conda.anaconda.org/conda-forge/linux-64/openpyxl-3.1.2-py311h459d7ec_1.conda#5c809fb753f06a04c2f114394404769e
https://repo.anaconda.com/pkgs/main/noarch/pexpect-4.8.0-pyhd3eb1b0_3.conda#765b2562d6cdd14bb6d44fc170a04331
https://conda.anaconda.org/conda-forge/linux-64/postgresql-16.2-h7387d8b_0.conda#4e86738066b4966f0357f661b3691cae
https://repo.anaconda.com/pkgs/main/linux-64/proj-9.3.1-he5811b7_0.conda#32c63ed9e197c593f8c8570730b0c46c
https://repo.anaconda.com/pkgs/main/linux-64/prompt-toolkit-3.0.43-py311h06a4308_0.conda#1c0f7b8edd1fe2f1d7c7bbe4ef85d1cb
https://repo.anaconda.com/pkgs/main/linux-64/pytest-7.4.0-py311h06a4308_0.conda#428610723584fd1c8e56e28058e22a37
https://repo.anaconda.com/pkgs/main/noarch/python-dateutil-2.8.2-pyhd3eb1b0_0.conda#211ee00320b08a1ac9fea6677649f6c9
https://repo.anaconda.com/pkgs/main/linux-64/python-dotenv-0.21.0-py311h06a4308_0.conda#6b0ead854c54dd99774c4359073997fc
https://repo.anaconda.com/pkgs/main/linux-64/referencing-0.30.2-py311h06a4308_0.conda#2080211b17f70400edfe3daeb4947cf0
https://repo.anaconda.com/pkgs/main/linux-64/rfc3339-validator-0.1.4-py311h06a4308_0.conda#16e477033a0efb7e13b0bd0f235efc3f
https://repo.anaconda.com/pkgs/main/linux-64/terminado-0.17.1-py311h06a4308_0.conda#71188205b69c392c495c1249de3447f5
https://repo.anaconda.com/pkgs/main/linux-64/tinycss2-1.2.1-py311h06a4308_0.conda#5fa403097ddcd4c08541d97b0d929c8c
https://conda.anaconda.org/conda-forge/noarch/tqdm-4.66.2-pyhd8ed1ab_0.conda#2b8dfb969f984497f3f98409a9545776
https://repo.anaconda.com/pkgs/main/linux-64/typing-extensions-4.9.0-py311h06a4308_1.conda#331c7a32c41c223dd0cf9dd1ad11a0c7
https://repo.anaconda.com/pkgs/main/linux-64/virtualenv-20.17.1-py311h06a4308_0.conda#08b08f00e6cfceb8161ab037111f26fe
https://conda.anaconda.org/conda-forge/linux-64/watchdog-4.0.0-py311h38be061_0.conda#f95ea5c27188e3095b7f12e588151f48
https://repo.anaconda.com/pkgs/main/linux-64/websocket-client-0.58.0-py311h06a4308_4.conda#5e3c223c737dd0b7eac3ef3d410f7593
https://conda.anaconda.org/conda-forge/linux-64/xerces-c-3.2.5-hac6953d_0.conda#63b80ca78d29380fe69e69412dcbe4ac
https://repo.anaconda.com/pkgs/main/linux-64/argon2-cffi-bindings-21.2.0-py311h5eee18b_0.conda#d55780f1b0565117ec0f9154fd533be8
https://conda.anaconda.org/conda-forge/linux-64/aws-c-s3-0.5.2-h4ad9680_0.conda#d50162d0e3a1c74885d8281455d8e7c2
https://conda.anaconda.org/conda-forge/linux-64/azure-storage-common-cpp-12.5.0-h94269e2_4.conda#f364272cb4c2f4ce2341067107b82865
https://repo.anaconda.com/pkgs/main/linux-64/bottleneck-1.3.7-py311hf4808d0_0.conda#f8a799685dbc270a59cdaf67e843cc04
https://repo.anaconda.com/pkgs/main/linux-64/branca-0.6.0-py311h06a4308_0.conda#bde810d9bc3dbe58fdd2c29021d41011
https://repo.anaconda.com/pkgs/main/linux-64/cftime-1.6.2-py311hbed6279_0.conda#dd01c804a934ef92a634f3ce1bb94310
https://repo.anaconda.com/pkgs/main/linux-64/contourpy-1.2.0-py311hdb19cb5_0.conda#7baca573afd13e554e6447912722ef46
https://repo.anaconda.com/pkgs/main/linux-64/cryptography-42.0.2-py311hdda0065_0.conda#2809632f2937b9a0fdefb0de502d9c05
https://conda.anaconda.org/conda-forge/linux-64/geotiff-1.7.1-h6b2125f_15.conda#218a726155bd9ae1787b26054eed8566
https://repo.anaconda.com/pkgs/main/linux-64/gitpython-3.1.37-py311h06a4308_0.conda#67b9c34dbfdd2970e3b150bf8070c98e
https://repo.anaconda.com/pkgs/main/linux-64/glib-2.78.4-h6a678d5_0.conda#045ff487547f7b2b7ff01648681b8ebe
https://conda.anaconda.org/conda-forge/noarch/griffe-0.42.0-pyhd8ed1ab_0.conda#9f464ae2cc26282ca79c7562377cd917
https://repo.anaconda.com/pkgs/main/linux-64/httpx-0.26.0-py311h06a4308_0.conda#2a510beba27b1d3dbf441f431acec523
https://repo.anaconda.com/pkgs/main/noarch/importlib_metadata-7.0.1-hd3eb1b0_0.conda#f764ec5ca8c8f808464764c83be0ead4
https://repo.anaconda.com/pkgs/main/linux-64/jsonschema-specifications-2023.7.1-py311h06a4308_0.conda#a2fd0483162c590fd327328ba562c567
https://repo.anaconda.com/pkgs/main/linux-64/jupyter_client-8.6.0-py311h06a4308_0.conda#281a8d56533f8219dba95524e905c126
https://repo.anaconda.com/pkgs/main/linux-64/jupyter_server_terminals-0.4.4-py311h06a4308_1.conda#14c5869e65e8cdfb6cb37ce09e7a7e06
https://conda.anaconda.org/conda-forge/linux-64/kealib-1.5.3-h2f55d51_0.conda#f7e7077802927590efc8bf7328208f12
https://conda.anaconda.org/conda-forge/linux-64/libgoogle-cloud-storage-2.22.0-hc7a4891_1.conda#7811f043944e010e54640918ea82cecd
https://conda.anaconda.org/conda-forge/linux-64/libnetcdf-4.9.2-nompi_h9612171_113.conda#b2414908e43c442ddc68e6148774a304
https://conda.anaconda.org/conda-forge/linux-64/libspatialite-5.1.0-h7bd4643_4.conda#127d36f9ee392fa81b45e81867ce30ab
https://repo.anaconda.com/pkgs/main/linux-64/numexpr-2.8.7-py311h812550d_0.conda#39c63e3595295e19f648d0aa85147d0d
https://conda.anaconda.org/conda-forge/linux-64/pillow-10.2.0-py311ha6c5da5_0.conda#a5ccd7f2271f28b7d2de0b02b64e3796
https://conda.anaconda.org/conda-forge/linux-64/poppler-24.02.0-h590f24d_0.conda#7e715c1572de09d6106c5a31fa70ffca
https://repo.anaconda.com/pkgs/main/noarch/prompt_toolkit-3.0.43-hd3eb1b0_0.conda#244c80adf85e37e2a4158d0f0c199566
https://repo.anaconda.com/pkgs/main/linux-64/pydantic-core-2.14.6-py311hb02cf49_0.conda#b0b9ac24cdf3043783d53b3515a80e8a
https://repo.anaconda.com/pkgs/main/linux-64/pyproj-3.6.1-py311h76fdc58_0.conda#903dbb0c423f89f17a0d1b9bd529a14c
https://repo.anaconda.com/pkgs/main/linux-64/pytest-cov-4.1.0-py311h06a4308_1.conda#bfa10c42e1a1a510af62734b0ea70491
https://conda.anaconda.org/conda-forge/noarch/pytest-sugar-1.0.0-pyhd8ed1ab_0.conda#95911286c4f6bcea2bea50b2739c7f8e
https://conda.anaconda.org/conda-forge/noarch/rich-13.7.1-pyhd8ed1ab_0.conda#ba445bf767ae6f0d959ff2b40c20912b
https://conda.anaconda.org/conda-forge/linux-64/scipy-1.12.0-py311h64a7726_2.conda#24ca5107ab75c5521067b8ba505dfae5
https://conda.anaconda.org/conda-forge/linux-64/shapely-2.0.3-py311h2032efe_0.conda#e982956906078eeac9feb3b8db10d011
https://repo.anaconda.com/pkgs/main/noarch/snuggs-1.4.7-pyhd3eb1b0_0.conda#f84b8372cc7b4b7ff2be0c34b26378ae
https://repo.anaconda.com/pkgs/main/noarch/stack_data-0.2.0-pyhd3eb1b0_0.conda#6212968e73726f6da42e5ffcd2bea92d
https://repo.anaconda.com/pkgs/main/linux-64/ukkonen-1.0.1-py311hdb19cb5_0.conda#a2bda9c486b6982d9faa56808808e63e
https://repo.anaconda.com/pkgs/main/noarch/argon2-cffi-21.3.0-pyhd3eb1b0_0.conda#f00b851bc61b4c313903d31c7daecb09
https://conda.anaconda.org/conda-forge/linux-64/aws-crt-cpp-0.26.2-h19f5d62_7.conda#e49b978ccc14c1a34374fac693b3a998
https://conda.anaconda.org/conda-forge/linux-64/azure-storage-blobs-cpp-12.10.0-h00ab1b0_1.conda#1e63d3866554a4d2e3d1cba5f21a2841
https://repo.anaconda.com/pkgs/main/linux-64/dbus-1.13.18-hb2f20db_0.conda#6a6a6f1391f807847404344489ef6cf4
https://repo.anaconda.com/pkgs/main/linux-64/identify-2.5.5-py311h06a4308_0.conda#5276c46194262bb622bc8d3019abfd3b
https://repo.anaconda.com/pkgs/main/linux-64/ipython-8.20.0-py311h06a4308_0.conda#26478dd4cc0cd144a06b0f1574e47458
https://repo.anaconda.com/pkgs/main/linux-64/jsonschema-4.19.2-py311h06a4308_0.conda#844fa28becbda25cd326c32ad25106de
https://conda.anaconda.org/conda-forge/linux-64/matplotlib-base-3.8.3-py311h54ef318_0.conda#014c115be880802d2372ac6ed665f526
https://conda.anaconda.org/conda-forge/linux-64/netcdf4-1.6.5-nompi_py311he8ad708_100.conda#597b1ad6cb7011b7561c20ea30295cae
https://repo.anaconda.com/pkgs/main/linux-64/pandas-2.2.1-py311ha02d727_0.conda#06b4b09e86ac23d7a9fb30607634a337
https://conda.anaconda.org/conda-forge/noarch/plum-dispatch-2.3.2-pyhd8ed1ab_0.conda#29adbde22baf625ec8e4e1f9ed0142b2
https://repo.anaconda.com/pkgs/main/linux-64/pydantic-2.5.3-py311h06a4308_0.conda#e0d18d6ccd3562f23f0900c911e7999d
https://repo.anaconda.com/pkgs/main/linux-64/pyopenssl-24.0.0-py311h06a4308_0.conda#3356d494a4f53766bdf3e20f94ed69d6
https://repo.anaconda.com/pkgs/main/linux-64/scikit-learn-1.2.2-py311h6a678d5_1.conda#0cfdd4fa7adcc55564aeb044aeab1570
https://conda.anaconda.org/conda-forge/linux-64/aws-sdk-cpp-1.11.267-h5606698_1.conda#2f2f24cc595d2de8365e257050845c30
https://conda.anaconda.org/conda-forge/noarch/geopandas-base-0.14.3-pyha770c72_0.conda#fbac4b2194c962b97324a3f5dd7d2696
https://repo.anaconda.com/pkgs/main/linux-64/ipykernel-6.28.0-py311h06a4308_0.conda#3570dde248fea2103028dd94bfcfaa90
https://repo.anaconda.com/pkgs/main/linux-64/jupyter_events-0.8.0-py311h06a4308_0.conda#1eb18bb05e9e41a3254469444c5b3d1a
https://repo.anaconda.com/pkgs/main/linux-64/mapclassify-2.5.0-py311h06a4308_0.conda#193f4ee5bb7001a4233d86ad5e46f993
https://repo.anaconda.com/pkgs/main/linux-64/nbformat-5.9.2-py311h06a4308_0.conda#d6db4514ea4ba7db784fd0895180776d
https://conda.anaconda.org/conda-forge/noarch/pre-commit-3.6.2-pyha770c72_0.conda#61534ee57ffdf26d7b1b514d33daccc4
https://repo.anaconda.com/pkgs/main/linux-64/secretstorage-3.3.1-py311h06a4308_1.conda#a60c8f2b1575a0f163f12079be3f5537
https://conda.anaconda.org/conda-forge/noarch/sphobjinv-2.3.1-pyhd8ed1ab_0.conda#acdf6eee61eef569196651bf644d1b23
https://repo.anaconda.com/pkgs/main/linux-64/urllib3-1.26.18-py311h06a4308_0.conda#bcb4d4a875b5d4221b89fce317731267
https://repo.anaconda.com/pkgs/main/linux-64/xarray-2023.6.0-py311h06a4308_0.conda#89567e3f336c4abe1267aad82488d969
https://repo.anaconda.com/pkgs/main/linux-64/keyring-24.3.1-py311h06a4308_0.conda#b651f4026219b72bd8520daf5bdea7b4
https://repo.anaconda.com/pkgs/main/linux-64/nbclient-0.8.0-py311h06a4308_0.conda#f5d6ffacb1b25ab49fc8c7a662920e4b
https://conda.anaconda.org/conda-forge/noarch/quartodoc-0.7.2-pyhd8ed1ab_0.conda#9bf1905bef4492b77781e058cc27db35
https://repo.anaconda.com/pkgs/main/linux-64/requests-2.31.0-py311h06a4308_1.conda#42310e390ca8f0919a03740656c707b8
https://conda.anaconda.org/conda-forge/linux-64/tiledb-2.20.1-hdfbda7f_3.conda#e18afbbc039251380298af4a92e2fa16
https://conda.anaconda.org/conda-forge/noarch/cachecontrol-0.14.0-pyhd8ed1ab_0.conda#a661c39e223bf3038b38126b0bbf43d9
https://repo.anaconda.com/pkgs/main/linux-64/ensureconda-1.4.3-py311h06a4308_0.conda#2857f498b7ed0188cca694d05fc95a5e
https://repo.anaconda.com/pkgs/main/linux-64/folium-0.14.0-py311h06a4308_0.conda#ccb8ca695c6450a757a7c0221f02ff10
https://conda.anaconda.org/conda-forge/linux-64/libgdal-3.8.3-h9323651_3.conda#ade2a401e8a96a184e659545b97970cf
https://repo.anaconda.com/pkgs/main/linux-64/nbconvert-7.10.0-py311h06a4308_0.conda#45765508cfa84c24b7faba9ce063ea83
https://repo.anaconda.com/pkgs/main/linux-64/requests-toolbelt-1.0.0-py311h06a4308_0.conda#53b9b999d06502302fcabedc60184654
https://conda.anaconda.org/conda-forge/noarch/unearth-0.14.0-pyhd8ed1ab_0.conda#6ee75538d26bba9f6b5c7e4043d6562a
https://conda.anaconda.org/conda-forge/noarch/cachecontrol-with-filecache-0.14.0-pyhd8ed1ab_0.conda#4c08fa6e7d1d3f124ad815e21b2210e9
https://conda.anaconda.org/conda-forge/linux-64/gdal-3.8.3-py311h8be719e_3.conda#ac53bbaf5bc833d00af7b837e5cdc315
https://repo.anaconda.com/pkgs/main/linux-64/jupyter_server-2.10.0-py311h06a4308_0.conda#1620428989195ff372cd59667c1c00d9
https://conda.anaconda.org/conda-forge/linux-64/pdm-2.12.4-py311h38be061_1.conda#35586b91557cea74c7fba7f763ffb553
https://conda.anaconda.org/conda-forge/linux-64/rasterio-1.3.9-py311ha38370a_2.conda#af5a87ac084f23d095ed9efff8bdfe16
https://conda.anaconda.org/conda-forge/noarch/conda-lock-2.5.5-pyhd8ed1ab_0.conda#84e25a941be93fdf9838426825eb1481
https://conda.anaconda.org/conda-forge/linux-64/fiona-1.9.5-py311hf8e0aa6_3.conda#a5277325e005e9d014eca37187b3f4a2
https://repo.anaconda.com/pkgs/main/linux-64/jupyter-lsp-2.2.0-py311h06a4308_0.conda#aaba721d164e3ed20e23a5c792bd9e0e
https://repo.anaconda.com/pkgs/main/linux-64/jupyterlab_server-2.25.1-py311h06a4308_0.conda#2a4ef340131f8b26e7203460d937e741
https://repo.anaconda.com/pkgs/main/linux-64/notebook-shim-0.2.3-py311h06a4308_0.conda#859e22f6a2a2e57dfac41b4add5b5ded
https://conda.anaconda.org/conda-forge/noarch/rioxarray-0.15.1-pyhd8ed1ab_0.conda#1ee15f68451f316e24e76b48f2b98aeb
https://conda.anaconda.org/conda-forge/noarch/geopandas-0.14.3-pyhd8ed1ab_0.conda#d8e208e375441bf1404e9693f13f3c25
https://conda.anaconda.org/conda-forge/noarch/jupyterlab-4.1.4-pyhd8ed1ab_0.conda#5af1ffec7c245d1ab2bf0cec0148a4c3
